// !$*UTF8*$!
{
	archiveVersion = 1;
	classes = {
	};
	objectVersion = 51;
	objects = {

/* Begin PBXBuildFile section */
		DE34FE752549BFB800D781BC /* RealmAccessManager.swift in Sources */ = {isa = PBXBuildFile; fileRef = DE34FE742549BFB800D781BC /* RealmAccessManager.swift */; };
		DE34FE802549C00A00D781BC /* APIRequestManager.swift in Sources */ = {isa = PBXBuildFile; fileRef = DE34FE7F2549C00A00D781BC /* APIRequestManager.swift */; };
		DE6625BA255709EB00A415E6 /* TutorialViewController.swift in Sources */ = {isa = PBXBuildFile; fileRef = DE6625B9255709EB00A415E6 /* TutorialViewController.swift */; };
		DE6625C2255709FF00A415E6 /* Tutorial.storyboard in Resources */ = {isa = PBXBuildFile; fileRef = DE6625C1255709FF00A415E6 /* Tutorial.storyboard */; };
		DE6625C725570A9F00A415E6 /* GlobalTabBarController.swift in Sources */ = {isa = PBXBuildFile; fileRef = DE6625C625570A9F00A415E6 /* GlobalTabBarController.swift */; };
		DE6625CC25570ACF00A415E6 /* GlobalTabBar.storyboard in Resources */ = {isa = PBXBuildFile; fileRef = DE6625CB25570ACF00A415E6 /* GlobalTabBar.storyboard */; };
		DE6625D32557326000A415E6 /* SurvayViewController.swift in Sources */ = {isa = PBXBuildFile; fileRef = DE6625D22557326000A415E6 /* SurvayViewController.swift */; };
		DE6625D9255732B700A415E6 /* Survay.storyboard in Resources */ = {isa = PBXBuildFile; fileRef = DE6625D8255732B700A415E6 /* Survay.storyboard */; };
		DE6625E325578A6A00A415E6 /* Home.storyboard in Resources */ = {isa = PBXBuildFile; fileRef = DE6625E225578A6A00A415E6 /* Home.storyboard */; };
		DE6625E825578A7A00A415E6 /* HomeViewController.swift in Sources */ = {isa = PBXBuildFile; fileRef = DE6625E725578A7A00A415E6 /* HomeViewController.swift */; };
		DE7E86442545C15400D1AFDC /* CustomViewBase.swift in Sources */ = {isa = PBXBuildFile; fileRef = DE7E86432545C15400D1AFDC /* CustomViewBase.swift */; };
		DE7E864A2545C1CE00D1AFDC /* StoryboardInstantiatable.swift in Sources */ = {isa = PBXBuildFile; fileRef = DE7E86492545C1CE00D1AFDC /* StoryboardInstantiatable.swift */; };
		DE7E86522545C1E400D1AFDC /* UICollectionViewExtension.swift in Sources */ = {isa = PBXBuildFile; fileRef = DE7E86512545C1E400D1AFDC /* UICollectionViewExtension.swift */; };
		DE7E86572545C22100D1AFDC /* UIColorExtension.swift in Sources */ = {isa = PBXBuildFile; fileRef = DE7E86562545C22100D1AFDC /* UIColorExtension.swift */; };
		DE7E865C2545C2FF00D1AFDC /* UITableViewExtension.swift in Sources */ = {isa = PBXBuildFile; fileRef = DE7E865B2545C2FF00D1AFDC /* UITableViewExtension.swift */; };
		DE7E86642545C34F00D1AFDC /* UIViewControllerExtension.swift in Sources */ = {isa = PBXBuildFile; fileRef = DE7E86632545C34F00D1AFDC /* UIViewControllerExtension.swift */; };
		DE7E866C2545C38100D1AFDC /* Dependencies.swift in Sources */ = {isa = PBXBuildFile; fileRef = DE7E866B2545C38100D1AFDC /* Dependencies.swift */; };
		DE7E86712545C43700D1AFDC /* UILabelDecorator.swift in Sources */ = {isa = PBXBuildFile; fileRef = DE7E86702545C43700D1AFDC /* UILabelDecorator.swift */; };
		DE89C4602541C3920099E67C /* NSObjectProtocolExtension.swift in Sources */ = {isa = PBXBuildFile; fileRef = DE89C45F2541C3920099E67C /* NSObjectProtocolExtension.swift */; };
		DEDE5CF72539CF100028BEA4 /* AppDelegate.swift in Sources */ = {isa = PBXBuildFile; fileRef = DEDE5CF62539CF100028BEA4 /* AppDelegate.swift */; };
		DEDE5CF92539CF100028BEA4 /* SceneDelegate.swift in Sources */ = {isa = PBXBuildFile; fileRef = DEDE5CF82539CF100028BEA4 /* SceneDelegate.swift */; };
		DEDE5CFB2539CF100028BEA4 /* MainViewController.swift in Sources */ = {isa = PBXBuildFile; fileRef = DEDE5CFA2539CF100028BEA4 /* MainViewController.swift */; };
		DEDE5CFE2539CF100028BEA4 /* Main.storyboard in Resources */ = {isa = PBXBuildFile; fileRef = DEDE5CFC2539CF100028BEA4 /* Main.storyboard */; };
		DEDE5D002539CF110028BEA4 /* Assets.xcassets in Resources */ = {isa = PBXBuildFile; fileRef = DEDE5CFF2539CF110028BEA4 /* Assets.xcassets */; };
		DEDE5D032539CF110028BEA4 /* LaunchScreen.storyboard in Resources */ = {isa = PBXBuildFile; fileRef = DEDE5D012539CF110028BEA4 /* LaunchScreen.storyboard */; };
		DEDE5D0E2539CF120028BEA4 /* LayeredArchitectureAndUiExampleTests.swift in Sources */ = {isa = PBXBuildFile; fileRef = DEDE5D0D2539CF120028BEA4 /* LayeredArchitectureAndUiExampleTests.swift */; };
		DEDE5D192539CF120028BEA4 /* LayeredArchitectureAndUiExampleUITests.swift in Sources */ = {isa = PBXBuildFile; fileRef = DEDE5D182539CF120028BEA4 /* LayeredArchitectureAndUiExampleUITests.swift */; };
		FDFB23323063F59A4DEB84AC /* Pods_LayeredArchitectureAndUiExample.framework in Frameworks */ = {isa = PBXBuildFile; fileRef = 0F11869D5EF9726076405D45 /* Pods_LayeredArchitectureAndUiExample.framework */; };
/* End PBXBuildFile section */

/* Begin PBXContainerItemProxy section */
		DEDE5D0A2539CF120028BEA4 /* PBXContainerItemProxy */ = {
			isa = PBXContainerItemProxy;
			containerPortal = DEDE5CEB2539CF100028BEA4 /* Project object */;
			proxyType = 1;
			remoteGlobalIDString = DEDE5CF22539CF100028BEA4;
			remoteInfo = LayeredArchitectureAndUiExample;
		};
		DEDE5D152539CF120028BEA4 /* PBXContainerItemProxy */ = {
			isa = PBXContainerItemProxy;
			containerPortal = DEDE5CEB2539CF100028BEA4 /* Project object */;
			proxyType = 1;
			remoteGlobalIDString = DEDE5CF22539CF100028BEA4;
			remoteInfo = LayeredArchitectureAndUiExample;
		};
/* End PBXContainerItemProxy section */

/* Begin PBXFileReference section */
		0F11869D5EF9726076405D45 /* Pods_LayeredArchitectureAndUiExample.framework */ = {isa = PBXFileReference; explicitFileType = wrapper.framework; includeInIndex = 0; path = Pods_LayeredArchitectureAndUiExample.framework; sourceTree = BUILT_PRODUCTS_DIR; };
		446D201F74123673F3B86205 /* Pods-LayeredArchitectureAndUiExample.release.xcconfig */ = {isa = PBXFileReference; includeInIndex = 1; lastKnownFileType = text.xcconfig; name = "Pods-LayeredArchitectureAndUiExample.release.xcconfig"; path = "Target Support Files/Pods-LayeredArchitectureAndUiExample/Pods-LayeredArchitectureAndUiExample.release.xcconfig"; sourceTree = "<group>"; };
		DE34FE742549BFB800D781BC /* RealmAccessManager.swift */ = {isa = PBXFileReference; lastKnownFileType = sourcecode.swift; path = RealmAccessManager.swift; sourceTree = "<group>"; };
		DE34FE7F2549C00A00D781BC /* APIRequestManager.swift */ = {isa = PBXFileReference; lastKnownFileType = sourcecode.swift; path = APIRequestManager.swift; sourceTree = "<group>"; };
		DE6625B9255709EB00A415E6 /* TutorialViewController.swift */ = {isa = PBXFileReference; lastKnownFileType = sourcecode.swift; path = TutorialViewController.swift; sourceTree = "<group>"; };
		DE6625C1255709FF00A415E6 /* Tutorial.storyboard */ = {isa = PBXFileReference; lastKnownFileType = file.storyboard; path = Tutorial.storyboard; sourceTree = "<group>"; };
		DE6625C625570A9F00A415E6 /* GlobalTabBarController.swift */ = {isa = PBXFileReference; lastKnownFileType = sourcecode.swift; path = GlobalTabBarController.swift; sourceTree = "<group>"; };
		DE6625CB25570ACF00A415E6 /* GlobalTabBar.storyboard */ = {isa = PBXFileReference; lastKnownFileType = file.storyboard; path = GlobalTabBar.storyboard; sourceTree = "<group>"; };
		DE6625D22557326000A415E6 /* SurvayViewController.swift */ = {isa = PBXFileReference; lastKnownFileType = sourcecode.swift; path = SurvayViewController.swift; sourceTree = "<group>"; };
		DE6625D8255732B700A415E6 /* Survay.storyboard */ = {isa = PBXFileReference; lastKnownFileType = file.storyboard; path = Survay.storyboard; sourceTree = "<group>"; };
		DE6625E225578A6A00A415E6 /* Home.storyboard */ = {isa = PBXFileReference; lastKnownFileType = file.storyboard; path = Home.storyboard; sourceTree = "<group>"; };
		DE6625E725578A7A00A415E6 /* HomeViewController.swift */ = {isa = PBXFileReference; lastKnownFileType = sourcecode.swift; path = HomeViewController.swift; sourceTree = "<group>"; };
		DE7E86432545C15400D1AFDC /* CustomViewBase.swift */ = {isa = PBXFileReference; lastKnownFileType = sourcecode.swift; path = CustomViewBase.swift; sourceTree = "<group>"; };
		DE7E86492545C1CE00D1AFDC /* StoryboardInstantiatable.swift */ = {isa = PBXFileReference; lastKnownFileType = sourcecode.swift; path = StoryboardInstantiatable.swift; sourceTree = "<group>"; };
		DE7E86512545C1E400D1AFDC /* UICollectionViewExtension.swift */ = {isa = PBXFileReference; lastKnownFileType = sourcecode.swift; path = UICollectionViewExtension.swift; sourceTree = "<group>"; };
		DE7E86562545C22100D1AFDC /* UIColorExtension.swift */ = {isa = PBXFileReference; lastKnownFileType = sourcecode.swift; path = UIColorExtension.swift; sourceTree = "<group>"; };
		DE7E865B2545C2FF00D1AFDC /* UITableViewExtension.swift */ = {isa = PBXFileReference; lastKnownFileType = sourcecode.swift; path = UITableViewExtension.swift; sourceTree = "<group>"; };
		DE7E86632545C34F00D1AFDC /* UIViewControllerExtension.swift */ = {isa = PBXFileReference; lastKnownFileType = sourcecode.swift; path = UIViewControllerExtension.swift; sourceTree = "<group>"; };
		DE7E866B2545C38100D1AFDC /* Dependencies.swift */ = {isa = PBXFileReference; lastKnownFileType = sourcecode.swift; path = Dependencies.swift; sourceTree = "<group>"; };
		DE7E86702545C43700D1AFDC /* UILabelDecorator.swift */ = {isa = PBXFileReference; lastKnownFileType = sourcecode.swift; path = UILabelDecorator.swift; sourceTree = "<group>"; };
		DE89C45F2541C3920099E67C /* NSObjectProtocolExtension.swift */ = {isa = PBXFileReference; lastKnownFileType = sourcecode.swift; path = NSObjectProtocolExtension.swift; sourceTree = "<group>"; };
		DEDE5CF32539CF100028BEA4 /* LayeredArchitectureAndUiExample.app */ = {isa = PBXFileReference; explicitFileType = wrapper.application; includeInIndex = 0; path = LayeredArchitectureAndUiExample.app; sourceTree = BUILT_PRODUCTS_DIR; };
		DEDE5CF62539CF100028BEA4 /* AppDelegate.swift */ = {isa = PBXFileReference; lastKnownFileType = sourcecode.swift; path = AppDelegate.swift; sourceTree = "<group>"; };
		DEDE5CF82539CF100028BEA4 /* SceneDelegate.swift */ = {isa = PBXFileReference; lastKnownFileType = sourcecode.swift; path = SceneDelegate.swift; sourceTree = "<group>"; };
		DEDE5CFA2539CF100028BEA4 /* MainViewController.swift */ = {isa = PBXFileReference; lastKnownFileType = sourcecode.swift; path = MainViewController.swift; sourceTree = "<group>"; };
		DEDE5CFD2539CF100028BEA4 /* Base */ = {isa = PBXFileReference; lastKnownFileType = file.storyboard; name = Base; path = Base.lproj/Main.storyboard; sourceTree = "<group>"; };
		DEDE5CFF2539CF110028BEA4 /* Assets.xcassets */ = {isa = PBXFileReference; lastKnownFileType = folder.assetcatalog; path = Assets.xcassets; sourceTree = "<group>"; };
		DEDE5D022539CF110028BEA4 /* Base */ = {isa = PBXFileReference; lastKnownFileType = file.storyboard; name = Base; path = Base.lproj/LaunchScreen.storyboard; sourceTree = "<group>"; };
		DEDE5D042539CF110028BEA4 /* Info.plist */ = {isa = PBXFileReference; lastKnownFileType = text.plist.xml; path = Info.plist; sourceTree = "<group>"; };
		DEDE5D092539CF120028BEA4 /* LayeredArchitectureAndUiExampleTests.xctest */ = {isa = PBXFileReference; explicitFileType = wrapper.cfbundle; includeInIndex = 0; path = LayeredArchitectureAndUiExampleTests.xctest; sourceTree = BUILT_PRODUCTS_DIR; };
		DEDE5D0D2539CF120028BEA4 /* LayeredArchitectureAndUiExampleTests.swift */ = {isa = PBXFileReference; lastKnownFileType = sourcecode.swift; path = LayeredArchitectureAndUiExampleTests.swift; sourceTree = "<group>"; };
		DEDE5D0F2539CF120028BEA4 /* Info.plist */ = {isa = PBXFileReference; lastKnownFileType = text.plist.xml; path = Info.plist; sourceTree = "<group>"; };
		DEDE5D142539CF120028BEA4 /* LayeredArchitectureAndUiExampleUITests.xctest */ = {isa = PBXFileReference; explicitFileType = wrapper.cfbundle; includeInIndex = 0; path = LayeredArchitectureAndUiExampleUITests.xctest; sourceTree = BUILT_PRODUCTS_DIR; };
		DEDE5D182539CF120028BEA4 /* LayeredArchitectureAndUiExampleUITests.swift */ = {isa = PBXFileReference; lastKnownFileType = sourcecode.swift; path = LayeredArchitectureAndUiExampleUITests.swift; sourceTree = "<group>"; };
		DEDE5D1A2539CF120028BEA4 /* Info.plist */ = {isa = PBXFileReference; lastKnownFileType = text.plist.xml; path = Info.plist; sourceTree = "<group>"; };
		E2785D197E933D9621ACC3AB /* Pods-LayeredArchitectureAndUiExample.debug.xcconfig */ = {isa = PBXFileReference; includeInIndex = 1; lastKnownFileType = text.xcconfig; name = "Pods-LayeredArchitectureAndUiExample.debug.xcconfig"; path = "Target Support Files/Pods-LayeredArchitectureAndUiExample/Pods-LayeredArchitectureAndUiExample.debug.xcconfig"; sourceTree = "<group>"; };
/* End PBXFileReference section */

/* Begin PBXFrameworksBuildPhase section */
		DEDE5CF02539CF100028BEA4 /* Frameworks */ = {
			isa = PBXFrameworksBuildPhase;
			buildActionMask = 2147483647;
			files = (
				FDFB23323063F59A4DEB84AC /* Pods_LayeredArchitectureAndUiExample.framework in Frameworks */,
			);
			runOnlyForDeploymentPostprocessing = 0;
		};
		DEDE5D062539CF120028BEA4 /* Frameworks */ = {
			isa = PBXFrameworksBuildPhase;
			buildActionMask = 2147483647;
			files = (
			);
			runOnlyForDeploymentPostprocessing = 0;
		};
		DEDE5D112539CF120028BEA4 /* Frameworks */ = {
			isa = PBXFrameworksBuildPhase;
			buildActionMask = 2147483647;
			files = (
			);
			runOnlyForDeploymentPostprocessing = 0;
		};
/* End PBXFrameworksBuildPhase section */

/* Begin PBXGroup section */
		7877F5889DB336F642A9B29B /* Pods */ = {
			isa = PBXGroup;
			children = (
				E2785D197E933D9621ACC3AB /* Pods-LayeredArchitectureAndUiExample.debug.xcconfig */,
				446D201F74123673F3B86205 /* Pods-LayeredArchitectureAndUiExample.release.xcconfig */,
			);
			path = Pods;
			sourceTree = "<group>";
		};
		DE34FE722549BF8C00D781BC /* APIManager */ = {
			isa = PBXGroup;
			children = (
				DE34FE7F2549C00A00D781BC /* APIRequestManager.swift */,
			);
			path = APIManager;
			sourceTree = "<group>";
		};
		DE34FE732549BF9600D781BC /* RealmManager */ = {
			isa = PBXGroup;
			children = (
				DE34FE742549BFB800D781BC /* RealmAccessManager.swift */,
			);
			path = RealmManager;
			sourceTree = "<group>";
		};
		DE504527254DA6FE00C7B97A /* DataTransfer */ = {
			isa = PBXGroup;
			children = (
			);
			path = DataTransfer;
			sourceTree = "<group>";
		};
		DE504528254DA76300C7B97A /* TransitionClass */ = {
			isa = PBXGroup;
			children = (
			);
			path = TransitionClass;
			sourceTree = "<group>";
		};
		DE6625B12556E4CE00A415E6 /* Contract */ = {
			isa = PBXGroup;
			children = (
			);
			path = Contract;
			sourceTree = "<group>";
		};
		DE6625B52557093900A415E6 /* Main */ = {
			isa = PBXGroup;
			children = (
				DEDE5CFC2539CF100028BEA4 /* Main.storyboard */,
			);
			path = Main;
			sourceTree = "<group>";
		};
		DE6625B62557095A00A415E6 /* Tutorial */ = {
			isa = PBXGroup;
			children = (
				DE6625C1255709FF00A415E6 /* Tutorial.storyboard */,
			);
			path = Tutorial;
			sourceTree = "<group>";
		};
		DE6625B72557096200A415E6 /* GlobalTabBar */ = {
			isa = PBXGroup;
			children = (
				DE6625CB25570ACF00A415E6 /* GlobalTabBar.storyboard */,
			);
			path = GlobalTabBar;
			sourceTree = "<group>";
		};
		DE6625B82557097700A415E6 /* Home */ = {
			isa = PBXGroup;
			children = (
				DE6625E225578A6A00A415E6 /* Home.storyboard */,
			);
			path = Home;
			sourceTree = "<group>";
		};
		DE6625D72557328A00A415E6 /* Survay */ = {
			isa = PBXGroup;
			children = (
				DE6625D8255732B700A415E6 /* Survay.storyboard */,
			);
			path = Survay;
			sourceTree = "<group>";
		};
		DE6625DD25578A0E00A415E6 /* GlobalTabBar */ = {
			isa = PBXGroup;
			children = (
				DE6625C625570A9F00A415E6 /* GlobalTabBarController.swift */,
			);
			path = GlobalTabBar;
			sourceTree = "<group>";
		};
		DE6625DE25578A2000A415E6 /* Main */ = {
			isa = PBXGroup;
			children = (
				DEDE5CFA2539CF100028BEA4 /* MainViewController.swift */,
			);
			path = Main;
			sourceTree = "<group>";
		};
		DE6625DF25578A3000A415E6 /* Survay */ = {
			isa = PBXGroup;
			children = (
				DE6625D22557326000A415E6 /* SurvayViewController.swift */,
			);
			path = Survay;
			sourceTree = "<group>";
		};
		DE6625E025578A3B00A415E6 /* Home */ = {
			isa = PBXGroup;
			children = (
				DE6625E725578A7A00A415E6 /* HomeViewController.swift */,
			);
			path = Home;
			sourceTree = "<group>";
		};
		DE6625E125578A4200A415E6 /* Tutorial */ = {
			isa = PBXGroup;
			children = (
				DE6625B9255709EB00A415E6 /* TutorialViewController.swift */,
			);
			path = Tutorial;
			sourceTree = "<group>";
		};
		DE7E86482545C19000D1AFDC /* DIContainer */ = {
			isa = PBXGroup;
			children = (
				DE7E866B2545C38100D1AFDC /* Dependencies.swift */,
			);
			path = DIContainer;
			sourceTree = "<group>";
		};
		DEA3A1C2253AA790004A5103 /* Extension */ = {
			isa = PBXGroup;
			children = (
				DE89C45F2541C3920099E67C /* NSObjectProtocolExtension.swift */,
				DE7E86492545C1CE00D1AFDC /* StoryboardInstantiatable.swift */,
				DE7E86512545C1E400D1AFDC /* UICollectionViewExtension.swift */,
				DE7E86562545C22100D1AFDC /* UIColorExtension.swift */,
				DE7E865B2545C2FF00D1AFDC /* UITableViewExtension.swift */,
				DE7E86632545C34F00D1AFDC /* UIViewControllerExtension.swift */,
			);
			path = Extension;
			sourceTree = "<group>";
		};
		DEA3A1C3253AA79F004A5103 /* LayoutClass */ = {
			isa = PBXGroup;
			children = (
			);
			path = LayoutClass;
			sourceTree = "<group>";
		};
		DEA3A1C4253AA7A9004A5103 /* Entity */ = {
			isa = PBXGroup;
			children = (
			);
			path = Entity;
			sourceTree = "<group>";
		};
		DEA3A1C5253AA7AF004A5103 /* Modules */ = {
			isa = PBXGroup;
			children = (
				DE7E86702545C43700D1AFDC /* UILabelDecorator.swift */,
			);
			path = Modules;
			sourceTree = "<group>";
		};
		DEA3A1C6253AA7BA004A5103 /* UseCase */ = {
			isa = PBXGroup;
			children = (
			);
			path = UseCase;
			sourceTree = "<group>";
		};
		DEA3A1C7253AA7C2004A5103 /* Presenter */ = {
			isa = PBXGroup;
			children = (
			);
			path = Presenter;
			sourceTree = "<group>";
		};
		DEA3A1C8253AA7E4004A5103 /* Repository */ = {
			isa = PBXGroup;
			children = (
			);
			path = Repository;
			sourceTree = "<group>";
		};
		DEA3A1CA253AA847004A5103 /* Infrastructure */ = {
			isa = PBXGroup;
			children = (
				DE34FE732549BF9600D781BC /* RealmManager */,
				DE34FE722549BF8C00D781BC /* APIManager */,
			);
			path = Infrastructure;
			sourceTree = "<group>";
		};
		DEA3A1CB253AA864004A5103 /* Storyboard */ = {
			isa = PBXGroup;
			children = (
				DEDE5D012539CF110028BEA4 /* LaunchScreen.storyboard */,
				DE6625B72557096200A415E6 /* GlobalTabBar */,
				DE6625B82557097700A415E6 /* Home */,
				DE6625B52557093900A415E6 /* Main */,
				DE6625D72557328A00A415E6 /* Survay */,
				DE6625B62557095A00A415E6 /* Tutorial */,
			);
			path = Storyboard;
			sourceTree = "<group>";
		};
		DEA3A1CC253AA86C004A5103 /* View */ = {
			isa = PBXGroup;
			children = (
				DE7E86432545C15400D1AFDC /* CustomViewBase.swift */,
			);
			path = View;
			sourceTree = "<group>";
		};
		DEA3A1CD253AA871004A5103 /* ViewController */ = {
			isa = PBXGroup;
			children = (
				DE6625DD25578A0E00A415E6 /* GlobalTabBar */,
				DE6625E025578A3B00A415E6 /* Home */,
				DE6625DE25578A2000A415E6 /* Main */,
				DE6625DF25578A3000A415E6 /* Survay */,
				DE6625E125578A4200A415E6 /* Tutorial */,
			);
			path = ViewController;
			sourceTree = "<group>";
		};
		DEDE5CEA2539CF100028BEA4 = {
			isa = PBXGroup;
			children = (
				DEDE5CF52539CF100028BEA4 /* LayeredArchitectureAndUiExample */,
				DEDE5D0C2539CF120028BEA4 /* LayeredArchitectureAndUiExampleTests */,
				DEDE5D172539CF120028BEA4 /* LayeredArchitectureAndUiExampleUITests */,
				DEDE5CF42539CF100028BEA4 /* Products */,
				7877F5889DB336F642A9B29B /* Pods */,
				FF90AE5C030B726166161609 /* Frameworks */,
			);
			sourceTree = "<group>";
		};
		DEDE5CF42539CF100028BEA4 /* Products */ = {
			isa = PBXGroup;
			children = (
				DEDE5CF32539CF100028BEA4 /* LayeredArchitectureAndUiExample.app */,
				DEDE5D092539CF120028BEA4 /* LayeredArchitectureAndUiExampleTests.xctest */,
				DEDE5D142539CF120028BEA4 /* LayeredArchitectureAndUiExampleUITests.xctest */,
			);
			name = Products;
			sourceTree = "<group>";
		};
		DEDE5CF52539CF100028BEA4 /* LayeredArchitectureAndUiExample */ = {
			isa = PBXGroup;
			children = (
				DEDE5D042539CF110028BEA4 /* Info.plist */,
				DEDE5CF62539CF100028BEA4 /* AppDelegate.swift */,
				DEDE5CF82539CF100028BEA4 /* SceneDelegate.swift */,
				DEDE5CFF2539CF110028BEA4 /* Assets.xcassets */,
				DE6625B12556E4CE00A415E6 /* Contract */,
				DE504527254DA6FE00C7B97A /* DataTransfer */,
				DE7E86482545C19000D1AFDC /* DIContainer */,
				DEA3A1C4253AA7A9004A5103 /* Entity */,
				DEA3A1C2253AA790004A5103 /* Extension */,
				DEA3A1CA253AA847004A5103 /* Infrastructure */,
				DEA3A1C3253AA79F004A5103 /* LayoutClass */,
				DEA3A1C5253AA7AF004A5103 /* Modules */,
				DEA3A1C7253AA7C2004A5103 /* Presenter */,
				DEA3A1C8253AA7E4004A5103 /* Repository */,
				DEA3A1CB253AA864004A5103 /* Storyboard */,
				DE504528254DA76300C7B97A /* TransitionClass */,
				DEA3A1C6253AA7BA004A5103 /* UseCase */,
				DEA3A1CC253AA86C004A5103 /* View */,
				DEA3A1CD253AA871004A5103 /* ViewController */,
			);
			path = LayeredArchitectureAndUiExample;
			sourceTree = "<group>";
		};
		DEDE5D0C2539CF120028BEA4 /* LayeredArchitectureAndUiExampleTests */ = {
			isa = PBXGroup;
			children = (
				DEDE5D0D2539CF120028BEA4 /* LayeredArchitectureAndUiExampleTests.swift */,
				DEDE5D0F2539CF120028BEA4 /* Info.plist */,
			);
			path = LayeredArchitectureAndUiExampleTests;
			sourceTree = "<group>";
		};
		DEDE5D172539CF120028BEA4 /* LayeredArchitectureAndUiExampleUITests */ = {
			isa = PBXGroup;
			children = (
				DEDE5D182539CF120028BEA4 /* LayeredArchitectureAndUiExampleUITests.swift */,
				DEDE5D1A2539CF120028BEA4 /* Info.plist */,
			);
			path = LayeredArchitectureAndUiExampleUITests;
			sourceTree = "<group>";
		};
		FF90AE5C030B726166161609 /* Frameworks */ = {
			isa = PBXGroup;
			children = (
				0F11869D5EF9726076405D45 /* Pods_LayeredArchitectureAndUiExample.framework */,
			);
			name = Frameworks;
			sourceTree = "<group>";
		};
/* End PBXGroup section */

/* Begin PBXNativeTarget section */
		DEDE5CF22539CF100028BEA4 /* LayeredArchitectureAndUiExample */ = {
			isa = PBXNativeTarget;
			buildConfigurationList = DEDE5D1D2539CF120028BEA4 /* Build configuration list for PBXNativeTarget "LayeredArchitectureAndUiExample" */;
			buildPhases = (
				BCBA5FA9029C4DEC28EFF741 /* [CP] Check Pods Manifest.lock */,
				DEDE5CEF2539CF100028BEA4 /* Sources */,
				DEDE5CF02539CF100028BEA4 /* Frameworks */,
				DEDE5CF12539CF100028BEA4 /* Resources */,
				6AF6787CB287BD6BC41EEF05 /* [CP] Embed Pods Frameworks */,
			);
			buildRules = (
			);
			dependencies = (
			);
			name = LayeredArchitectureAndUiExample;
			productName = LayeredArchitectureAndUiExample;
			productReference = DEDE5CF32539CF100028BEA4 /* LayeredArchitectureAndUiExample.app */;
			productType = "com.apple.product-type.application";
		};
		DEDE5D082539CF120028BEA4 /* LayeredArchitectureAndUiExampleTests */ = {
			isa = PBXNativeTarget;
			buildConfigurationList = DEDE5D202539CF120028BEA4 /* Build configuration list for PBXNativeTarget "LayeredArchitectureAndUiExampleTests" */;
			buildPhases = (
				DEDE5D052539CF120028BEA4 /* Sources */,
				DEDE5D062539CF120028BEA4 /* Frameworks */,
				DEDE5D072539CF120028BEA4 /* Resources */,
			);
			buildRules = (
			);
			dependencies = (
				DEDE5D0B2539CF120028BEA4 /* PBXTargetDependency */,
			);
			name = LayeredArchitectureAndUiExampleTests;
			productName = LayeredArchitectureAndUiExampleTests;
			productReference = DEDE5D092539CF120028BEA4 /* LayeredArchitectureAndUiExampleTests.xctest */;
			productType = "com.apple.product-type.bundle.unit-test";
		};
		DEDE5D132539CF120028BEA4 /* LayeredArchitectureAndUiExampleUITests */ = {
			isa = PBXNativeTarget;
			buildConfigurationList = DEDE5D232539CF120028BEA4 /* Build configuration list for PBXNativeTarget "LayeredArchitectureAndUiExampleUITests" */;
			buildPhases = (
				DEDE5D102539CF120028BEA4 /* Sources */,
				DEDE5D112539CF120028BEA4 /* Frameworks */,
				DEDE5D122539CF120028BEA4 /* Resources */,
			);
			buildRules = (
			);
			dependencies = (
				DEDE5D162539CF120028BEA4 /* PBXTargetDependency */,
			);
			name = LayeredArchitectureAndUiExampleUITests;
			productName = LayeredArchitectureAndUiExampleUITests;
			productReference = DEDE5D142539CF120028BEA4 /* LayeredArchitectureAndUiExampleUITests.xctest */;
			productType = "com.apple.product-type.bundle.ui-testing";
		};
/* End PBXNativeTarget section */

/* Begin PBXProject section */
		DEDE5CEB2539CF100028BEA4 /* Project object */ = {
			isa = PBXProject;
			attributes = {
				LastSwiftUpdateCheck = 1200;
				LastUpgradeCheck = 1200;
				TargetAttributes = {
					DEDE5CF22539CF100028BEA4 = {
						CreatedOnToolsVersion = 12.0.1;
					};
					DEDE5D082539CF120028BEA4 = {
						CreatedOnToolsVersion = 12.0.1;
						TestTargetID = DEDE5CF22539CF100028BEA4;
					};
					DEDE5D132539CF120028BEA4 = {
						CreatedOnToolsVersion = 12.0.1;
						TestTargetID = DEDE5CF22539CF100028BEA4;
					};
				};
			};
			buildConfigurationList = DEDE5CEE2539CF100028BEA4 /* Build configuration list for PBXProject "LayeredArchitectureAndUiExample" */;
			compatibilityVersion = "Xcode 9.3";
			developmentRegion = en;
			hasScannedForEncodings = 0;
			knownRegions = (
				en,
				Base,
			);
			mainGroup = DEDE5CEA2539CF100028BEA4;
			productRefGroup = DEDE5CF42539CF100028BEA4 /* Products */;
			projectDirPath = "";
			projectRoot = "";
			targets = (
				DEDE5CF22539CF100028BEA4 /* LayeredArchitectureAndUiExample */,
				DEDE5D082539CF120028BEA4 /* LayeredArchitectureAndUiExampleTests */,
				DEDE5D132539CF120028BEA4 /* LayeredArchitectureAndUiExampleUITests */,
			);
		};
/* End PBXProject section */

/* Begin PBXResourcesBuildPhase section */
		DEDE5CF12539CF100028BEA4 /* Resources */ = {
			isa = PBXResourcesBuildPhase;
			buildActionMask = 2147483647;
			files = (
				DE6625E325578A6A00A415E6 /* Home.storyboard in Resources */,
				DEDE5D032539CF110028BEA4 /* LaunchScreen.storyboard in Resources */,
				DE6625CC25570ACF00A415E6 /* GlobalTabBar.storyboard in Resources */,
				DE6625D9255732B700A415E6 /* Survay.storyboard in Resources */,
				DEDE5D002539CF110028BEA4 /* Assets.xcassets in Resources */,
				DE6625C2255709FF00A415E6 /* Tutorial.storyboard in Resources */,
				DEDE5CFE2539CF100028BEA4 /* Main.storyboard in Resources */,
			);
			runOnlyForDeploymentPostprocessing = 0;
		};
		DEDE5D072539CF120028BEA4 /* Resources */ = {
			isa = PBXResourcesBuildPhase;
			buildActionMask = 2147483647;
			files = (
			);
			runOnlyForDeploymentPostprocessing = 0;
		};
		DEDE5D122539CF120028BEA4 /* Resources */ = {
			isa = PBXResourcesBuildPhase;
			buildActionMask = 2147483647;
			files = (
			);
			runOnlyForDeploymentPostprocessing = 0;
		};
/* End PBXResourcesBuildPhase section */

/* Begin PBXShellScriptBuildPhase section */
		6AF6787CB287BD6BC41EEF05 /* [CP] Embed Pods Frameworks */ = {
			isa = PBXShellScriptBuildPhase;
			buildActionMask = 2147483647;
			files = (
			);
			inputFileListPaths = (
				"${PODS_ROOT}/Target Support Files/Pods-LayeredArchitectureAndUiExample/Pods-LayeredArchitectureAndUiExample-frameworks-${CONFIGURATION}-input-files.xcfilelist",
			);
			name = "[CP] Embed Pods Frameworks";
			outputFileListPaths = (
				"${PODS_ROOT}/Target Support Files/Pods-LayeredArchitectureAndUiExample/Pods-LayeredArchitectureAndUiExample-frameworks-${CONFIGURATION}-output-files.xcfilelist",
			);
			runOnlyForDeploymentPostprocessing = 0;
			shellPath = /bin/sh;
			shellScript = "\"${PODS_ROOT}/Target Support Files/Pods-LayeredArchitectureAndUiExample/Pods-LayeredArchitectureAndUiExample-frameworks.sh\"\n";
			showEnvVarsInLog = 0;
		};
		BCBA5FA9029C4DEC28EFF741 /* [CP] Check Pods Manifest.lock */ = {
			isa = PBXShellScriptBuildPhase;
			buildActionMask = 2147483647;
			files = (
			);
			inputFileListPaths = (
			);
			inputPaths = (
				"${PODS_PODFILE_DIR_PATH}/Podfile.lock",
				"${PODS_ROOT}/Manifest.lock",
			);
			name = "[CP] Check Pods Manifest.lock";
			outputFileListPaths = (
			);
			outputPaths = (
				"$(DERIVED_FILE_DIR)/Pods-LayeredArchitectureAndUiExample-checkManifestLockResult.txt",
			);
			runOnlyForDeploymentPostprocessing = 0;
			shellPath = /bin/sh;
			shellScript = "diff \"${PODS_PODFILE_DIR_PATH}/Podfile.lock\" \"${PODS_ROOT}/Manifest.lock\" > /dev/null\nif [ $? != 0 ] ; then\n    # print error to STDERR\n    echo \"error: The sandbox is not in sync with the Podfile.lock. Run 'pod install' or update your CocoaPods installation.\" >&2\n    exit 1\nfi\n# This output is used by Xcode 'outputs' to avoid re-running this script phase.\necho \"SUCCESS\" > \"${SCRIPT_OUTPUT_FILE_0}\"\n";
			showEnvVarsInLog = 0;
		};
/* End PBXShellScriptBuildPhase section */

/* Begin PBXSourcesBuildPhase section */
		DEDE5CEF2539CF100028BEA4 /* Sources */ = {
			isa = PBXSourcesBuildPhase;
			buildActionMask = 2147483647;
			files = (
				DE34FE752549BFB800D781BC /* RealmAccessManager.swift in Sources */,
				DE7E865C2545C2FF00D1AFDC /* UITableViewExtension.swift in Sources */,
				DE7E86442545C15400D1AFDC /* CustomViewBase.swift in Sources */,
				DE7E86642545C34F00D1AFDC /* UIViewControllerExtension.swift in Sources */,
				DEDE5CFB2539CF100028BEA4 /* MainViewController.swift in Sources */,
				DE6625E825578A7A00A415E6 /* HomeViewController.swift in Sources */,
				DE7E86522545C1E400D1AFDC /* UICollectionViewExtension.swift in Sources */,
				DE7E86572545C22100D1AFDC /* UIColorExtension.swift in Sources */,
				DE6625BA255709EB00A415E6 /* TutorialViewController.swift in Sources */,
				DE6625C725570A9F00A415E6 /* GlobalTabBarController.swift in Sources */,
				DE7E86712545C43700D1AFDC /* UILabelDecorator.swift in Sources */,
				DE7E866C2545C38100D1AFDC /* Dependencies.swift in Sources */,
				DE89C4602541C3920099E67C /* NSObjectProtocolExtension.swift in Sources */,
				DE34FE802549C00A00D781BC /* APIRequestManager.swift in Sources */,
				DE7E864A2545C1CE00D1AFDC /* StoryboardInstantiatable.swift in Sources */,
				DEDE5CF72539CF100028BEA4 /* AppDelegate.swift in Sources */,
				DE6625D32557326000A415E6 /* SurvayViewController.swift in Sources */,
				DEDE5CF92539CF100028BEA4 /* SceneDelegate.swift in Sources */,
			);
			runOnlyForDeploymentPostprocessing = 0;
		};
		DEDE5D052539CF120028BEA4 /* Sources */ = {
			isa = PBXSourcesBuildPhase;
			buildActionMask = 2147483647;
			files = (
				DEDE5D0E2539CF120028BEA4 /* LayeredArchitectureAndUiExampleTests.swift in Sources */,
			);
			runOnlyForDeploymentPostprocessing = 0;
		};
		DEDE5D102539CF120028BEA4 /* Sources */ = {
			isa = PBXSourcesBuildPhase;
			buildActionMask = 2147483647;
			files = (
				DEDE5D192539CF120028BEA4 /* LayeredArchitectureAndUiExampleUITests.swift in Sources */,
			);
			runOnlyForDeploymentPostprocessing = 0;
		};
/* End PBXSourcesBuildPhase section */

/* Begin PBXTargetDependency section */
		DEDE5D0B2539CF120028BEA4 /* PBXTargetDependency */ = {
			isa = PBXTargetDependency;
			target = DEDE5CF22539CF100028BEA4 /* LayeredArchitectureAndUiExample */;
			targetProxy = DEDE5D0A2539CF120028BEA4 /* PBXContainerItemProxy */;
		};
		DEDE5D162539CF120028BEA4 /* PBXTargetDependency */ = {
			isa = PBXTargetDependency;
			target = DEDE5CF22539CF100028BEA4 /* LayeredArchitectureAndUiExample */;
			targetProxy = DEDE5D152539CF120028BEA4 /* PBXContainerItemProxy */;
		};
/* End PBXTargetDependency section */

/* Begin PBXVariantGroup section */
		DEDE5CFC2539CF100028BEA4 /* Main.storyboard */ = {
			isa = PBXVariantGroup;
			children = (
				DEDE5CFD2539CF100028BEA4 /* Base */,
			);
			name = Main.storyboard;
			sourceTree = "<group>";
		};
		DEDE5D012539CF110028BEA4 /* LaunchScreen.storyboard */ = {
			isa = PBXVariantGroup;
			children = (
				DEDE5D022539CF110028BEA4 /* Base */,
			);
			name = LaunchScreen.storyboard;
			sourceTree = "<group>";
		};
/* End PBXVariantGroup section */

/* Begin XCBuildConfiguration section */
		DEDE5D1B2539CF120028BEA4 /* Debug */ = {
			isa = XCBuildConfiguration;
			buildSettings = {
				ALWAYS_SEARCH_USER_PATHS = NO;
				CLANG_ANALYZER_NONNULL = YES;
				CLANG_ANALYZER_NUMBER_OBJECT_CONVERSION = YES_AGGRESSIVE;
				CLANG_CXX_LANGUAGE_STANDARD = "gnu++14";
				CLANG_CXX_LIBRARY = "libc++";
				CLANG_ENABLE_MODULES = YES;
				CLANG_ENABLE_OBJC_ARC = YES;
				CLANG_ENABLE_OBJC_WEAK = YES;
				CLANG_WARN_BLOCK_CAPTURE_AUTORELEASING = YES;
				CLANG_WARN_BOOL_CONVERSION = YES;
				CLANG_WARN_COMMA = YES;
				CLANG_WARN_CONSTANT_CONVERSION = YES;
				CLANG_WARN_DEPRECATED_OBJC_IMPLEMENTATIONS = YES;
				CLANG_WARN_DIRECT_OBJC_ISA_USAGE = YES_ERROR;
				CLANG_WARN_DOCUMENTATION_COMMENTS = YES;
				CLANG_WARN_EMPTY_BODY = YES;
				CLANG_WARN_ENUM_CONVERSION = YES;
				CLANG_WARN_INFINITE_RECURSION = YES;
				CLANG_WARN_INT_CONVERSION = YES;
				CLANG_WARN_NON_LITERAL_NULL_CONVERSION = YES;
				CLANG_WARN_OBJC_IMPLICIT_RETAIN_SELF = YES;
				CLANG_WARN_OBJC_LITERAL_CONVERSION = YES;
				CLANG_WARN_OBJC_ROOT_CLASS = YES_ERROR;
				CLANG_WARN_QUOTED_INCLUDE_IN_FRAMEWORK_HEADER = YES;
				CLANG_WARN_RANGE_LOOP_ANALYSIS = YES;
				CLANG_WARN_STRICT_PROTOTYPES = YES;
				CLANG_WARN_SUSPICIOUS_MOVE = YES;
				CLANG_WARN_UNGUARDED_AVAILABILITY = YES_AGGRESSIVE;
				CLANG_WARN_UNREACHABLE_CODE = YES;
				CLANG_WARN__DUPLICATE_METHOD_MATCH = YES;
				COPY_PHASE_STRIP = NO;
				DEBUG_INFORMATION_FORMAT = dwarf;
				ENABLE_STRICT_OBJC_MSGSEND = YES;
				ENABLE_TESTABILITY = YES;
				GCC_C_LANGUAGE_STANDARD = gnu11;
				GCC_DYNAMIC_NO_PIC = NO;
				GCC_NO_COMMON_BLOCKS = YES;
				GCC_OPTIMIZATION_LEVEL = 0;
				GCC_PREPROCESSOR_DEFINITIONS = (
					"DEBUG=1",
					"$(inherited)",
				);
				GCC_WARN_64_TO_32_BIT_CONVERSION = YES;
				GCC_WARN_ABOUT_RETURN_TYPE = YES_ERROR;
				GCC_WARN_UNDECLARED_SELECTOR = YES;
				GCC_WARN_UNINITIALIZED_AUTOS = YES_AGGRESSIVE;
				GCC_WARN_UNUSED_FUNCTION = YES;
				GCC_WARN_UNUSED_VARIABLE = YES;
				IPHONEOS_DEPLOYMENT_TARGET = 14.0;
				MTL_ENABLE_DEBUG_INFO = INCLUDE_SOURCE;
				MTL_FAST_MATH = YES;
				ONLY_ACTIVE_ARCH = YES;
				SDKROOT = iphoneos;
				SWIFT_ACTIVE_COMPILATION_CONDITIONS = DEBUG;
				SWIFT_OPTIMIZATION_LEVEL = "-Onone";
			};
			name = Debug;
		};
		DEDE5D1C2539CF120028BEA4 /* Release */ = {
			isa = XCBuildConfiguration;
			buildSettings = {
				ALWAYS_SEARCH_USER_PATHS = NO;
				CLANG_ANALYZER_NONNULL = YES;
				CLANG_ANALYZER_NUMBER_OBJECT_CONVERSION = YES_AGGRESSIVE;
				CLANG_CXX_LANGUAGE_STANDARD = "gnu++14";
				CLANG_CXX_LIBRARY = "libc++";
				CLANG_ENABLE_MODULES = YES;
				CLANG_ENABLE_OBJC_ARC = YES;
				CLANG_ENABLE_OBJC_WEAK = YES;
				CLANG_WARN_BLOCK_CAPTURE_AUTORELEASING = YES;
				CLANG_WARN_BOOL_CONVERSION = YES;
				CLANG_WARN_COMMA = YES;
				CLANG_WARN_CONSTANT_CONVERSION = YES;
				CLANG_WARN_DEPRECATED_OBJC_IMPLEMENTATIONS = YES;
				CLANG_WARN_DIRECT_OBJC_ISA_USAGE = YES_ERROR;
				CLANG_WARN_DOCUMENTATION_COMMENTS = YES;
				CLANG_WARN_EMPTY_BODY = YES;
				CLANG_WARN_ENUM_CONVERSION = YES;
				CLANG_WARN_INFINITE_RECURSION = YES;
				CLANG_WARN_INT_CONVERSION = YES;
				CLANG_WARN_NON_LITERAL_NULL_CONVERSION = YES;
				CLANG_WARN_OBJC_IMPLICIT_RETAIN_SELF = YES;
				CLANG_WARN_OBJC_LITERAL_CONVERSION = YES;
				CLANG_WARN_OBJC_ROOT_CLASS = YES_ERROR;
				CLANG_WARN_QUOTED_INCLUDE_IN_FRAMEWORK_HEADER = YES;
				CLANG_WARN_RANGE_LOOP_ANALYSIS = YES;
				CLANG_WARN_STRICT_PROTOTYPES = YES;
				CLANG_WARN_SUSPICIOUS_MOVE = YES;
				CLANG_WARN_UNGUARDED_AVAILABILITY = YES_AGGRESSIVE;
				CLANG_WARN_UNREACHABLE_CODE = YES;
				CLANG_WARN__DUPLICATE_METHOD_MATCH = YES;
				COPY_PHASE_STRIP = NO;
				DEBUG_INFORMATION_FORMAT = "dwarf-with-dsym";
				ENABLE_NS_ASSERTIONS = NO;
				ENABLE_STRICT_OBJC_MSGSEND = YES;
				GCC_C_LANGUAGE_STANDARD = gnu11;
				GCC_NO_COMMON_BLOCKS = YES;
				GCC_WARN_64_TO_32_BIT_CONVERSION = YES;
				GCC_WARN_ABOUT_RETURN_TYPE = YES_ERROR;
				GCC_WARN_UNDECLARED_SELECTOR = YES;
				GCC_WARN_UNINITIALIZED_AUTOS = YES_AGGRESSIVE;
				GCC_WARN_UNUSED_FUNCTION = YES;
				GCC_WARN_UNUSED_VARIABLE = YES;
				IPHONEOS_DEPLOYMENT_TARGET = 14.0;
				MTL_ENABLE_DEBUG_INFO = NO;
				MTL_FAST_MATH = YES;
				SDKROOT = iphoneos;
				SWIFT_COMPILATION_MODE = wholemodule;
				SWIFT_OPTIMIZATION_LEVEL = "-O";
				VALIDATE_PRODUCT = YES;
			};
			name = Release;
		};
		DEDE5D1E2539CF120028BEA4 /* Debug */ = {
			isa = XCBuildConfiguration;
			baseConfigurationReference = E2785D197E933D9621ACC3AB /* Pods-LayeredArchitectureAndUiExample.debug.xcconfig */;
			buildSettings = {
				ASSETCATALOG_COMPILER_APPICON_NAME = AppIcon;
				ASSETCATALOG_COMPILER_GLOBAL_ACCENT_COLOR_NAME = AccentColor;
				CODE_SIGN_STYLE = Automatic;
				DEVELOPMENT_TEAM = S5BF5553KY;
				INFOPLIST_FILE = LayeredArchitectureAndUiExample/Info.plist;
				LD_RUNPATH_SEARCH_PATHS = (
					"$(inherited)",
					"@executable_path/Frameworks",
				);
				PRODUCT_BUNDLE_IDENTIFIER = com.just1factory.LayeredArchitectureAndUiExample;
				PRODUCT_NAME = "$(TARGET_NAME)";
				SWIFT_VERSION = 5.0;
				TARGETED_DEVICE_FAMILY = "1,2";
			};
			name = Debug;
		};
		DEDE5D1F2539CF120028BEA4 /* Release */ = {
			isa = XCBuildConfiguration;
			baseConfigurationReference = 446D201F74123673F3B86205 /* Pods-LayeredArchitectureAndUiExample.release.xcconfig */;
			buildSettings = {
				ASSETCATALOG_COMPILER_APPICON_NAME = AppIcon;
				ASSETCATALOG_COMPILER_GLOBAL_ACCENT_COLOR_NAME = AccentColor;
				CODE_SIGN_STYLE = Automatic;
				DEVELOPMENT_TEAM = S5BF5553KY;
				INFOPLIST_FILE = LayeredArchitectureAndUiExample/Info.plist;
				LD_RUNPATH_SEARCH_PATHS = (
					"$(inherited)",
					"@executable_path/Frameworks",
				);
				PRODUCT_BUNDLE_IDENTIFIER = com.just1factory.LayeredArchitectureAndUiExample;
				PRODUCT_NAME = "$(TARGET_NAME)";
				SWIFT_VERSION = 5.0;
				TARGETED_DEVICE_FAMILY = "1,2";
			};
			name = Release;
		};
		DEDE5D212539CF120028BEA4 /* Debug */ = {
			isa = XCBuildConfiguration;
			buildSettings = {
				ALWAYS_EMBED_SWIFT_STANDARD_LIBRARIES = YES;
				BUNDLE_LOADER = "$(TEST_HOST)";
				CODE_SIGN_STYLE = Automatic;
				DEVELOPMENT_TEAM = S5BF5553KY;
				INFOPLIST_FILE = LayeredArchitectureAndUiExampleTests/Info.plist;
				IPHONEOS_DEPLOYMENT_TARGET = 14.0;
				LD_RUNPATH_SEARCH_PATHS = (
					"$(inherited)",
					"@executable_path/Frameworks",
					"@loader_path/Frameworks",
				);
				PRODUCT_BUNDLE_IDENTIFIER = com.just1factory.LayeredArchitectureAndUiExampleTests;
				PRODUCT_NAME = "$(TARGET_NAME)";
				SWIFT_VERSION = 5.0;
				TARGETED_DEVICE_FAMILY = "1,2";
				TEST_HOST = "$(BUILT_PRODUCTS_DIR)/LayeredArchitectureAndUiExample.app/LayeredArchitectureAndUiExample";
			};
			name = Debug;
		};
		DEDE5D222539CF120028BEA4 /* Release */ = {
			isa = XCBuildConfiguration;
			buildSettings = {
				ALWAYS_EMBED_SWIFT_STANDARD_LIBRARIES = YES;
				BUNDLE_LOADER = "$(TEST_HOST)";
				CODE_SIGN_STYLE = Automatic;
				DEVELOPMENT_TEAM = S5BF5553KY;
				INFOPLIST_FILE = LayeredArchitectureAndUiExampleTests/Info.plist;
				IPHONEOS_DEPLOYMENT_TARGET = 14.0;
				LD_RUNPATH_SEARCH_PATHS = (
					"$(inherited)",
					"@executable_path/Frameworks",
					"@loader_path/Frameworks",
				);
				PRODUCT_BUNDLE_IDENTIFIER = com.just1factory.LayeredArchitectureAndUiExampleTests;
				PRODUCT_NAME = "$(TARGET_NAME)";
				SWIFT_VERSION = 5.0;
				TARGETED_DEVICE_FAMILY = "1,2";
				TEST_HOST = "$(BUILT_PRODUCTS_DIR)/LayeredArchitectureAndUiExample.app/LayeredArchitectureAndUiExample";
			};
			name = Release;
		};
		DEDE5D242539CF120028BEA4 /* Debug */ = {
			isa = XCBuildConfiguration;
			buildSettings = {
				ALWAYS_EMBED_SWIFT_STANDARD_LIBRARIES = YES;
				CODE_SIGN_STYLE = Automatic;
				DEVELOPMENT_TEAM = S5BF5553KY;
				INFOPLIST_FILE = LayeredArchitectureAndUiExampleUITests/Info.plist;
				LD_RUNPATH_SEARCH_PATHS = (
					"$(inherited)",
					"@executable_path/Frameworks",
					"@loader_path/Frameworks",
				);
				PRODUCT_BUNDLE_IDENTIFIER = com.just1factory.LayeredArchitectureAndUiExampleUITests;
				PRODUCT_NAME = "$(TARGET_NAME)";
				SWIFT_VERSION = 5.0;
				TARGETED_DEVICE_FAMILY = "1,2";
				TEST_TARGET_NAME = LayeredArchitectureAndUiExample;
			};
			name = Debug;
		};
		DEDE5D252539CF120028BEA4 /* Release */ = {
			isa = XCBuildConfiguration;
			buildSettings = {
				ALWAYS_EMBED_SWIFT_STANDARD_LIBRARIES = YES;
				CODE_SIGN_STYLE = Automatic;
				DEVELOPMENT_TEAM = S5BF5553KY;
				INFOPLIST_FILE = LayeredArchitectureAndUiExampleUITests/Info.plist;
				LD_RUNPATH_SEARCH_PATHS = (
					"$(inherited)",
					"@executable_path/Frameworks",
					"@loader_path/Frameworks",
				);
				PRODUCT_BUNDLE_IDENTIFIER = com.just1factory.LayeredArchitectureAndUiExampleUITests;
				PRODUCT_NAME = "$(TARGET_NAME)";
				SWIFT_VERSION = 5.0;
				TARGETED_DEVICE_FAMILY = "1,2";
				TEST_TARGET_NAME = LayeredArchitectureAndUiExample;
			};
			name = Release;
		};
/* End XCBuildConfiguration section */

/* Begin XCConfigurationList section */
		DEDE5CEE2539CF100028BEA4 /* Build configuration list for PBXProject "LayeredArchitectureAndUiExample" */ = {
			isa = XCConfigurationList;
			buildConfigurations = (
				DEDE5D1B2539CF120028BEA4 /* Debug */,
				DEDE5D1C2539CF120028BEA4 /* Release */,
			);
			defaultConfigurationIsVisible = 0;
			defaultConfigurationName = Release;
		};
		DEDE5D1D2539CF120028BEA4 /* Build configuration list for PBXNativeTarget "LayeredArchitectureAndUiExample" */ = {
			isa = XCConfigurationList;
			buildConfigurations = (
				DEDE5D1E2539CF120028BEA4 /* Debug */,
				DEDE5D1F2539CF120028BEA4 /* Release */,
			);
			defaultConfigurationIsVisible = 0;
			defaultConfigurationName = Release;
		};
		DEDE5D202539CF120028BEA4 /* Build configuration list for PBXNativeTarget "LayeredArchitectureAndUiExampleTests" */ = {
			isa = XCConfigurationList;
			buildConfigurations = (
				DEDE5D212539CF120028BEA4 /* Debug */,
				DEDE5D222539CF120028BEA4 /* Release */,
			);
			defaultConfigurationIsVisible = 0;
			defaultConfigurationName = Release;
		};
		DEDE5D232539CF120028BEA4 /* Build configuration list for PBXNativeTarget "LayeredArchitectureAndUiExampleUITests" */ = {
			isa = XCConfigurationList;
			buildConfigurations = (
				DEDE5D242539CF120028BEA4 /* Debug */,
				DEDE5D252539CF120028BEA4 /* Release */,
			);
			defaultConfigurationIsVisible = 0;
			defaultConfigurationName = Release;
		};
/* End XCConfigurationList section */
	};
	rootObject = DEDE5CEB2539CF100028BEA4 /* Project object */;
}
