// !$*UTF8*$!
{
	archiveVersion = 1;
	classes = {
	};
	objectVersion = 50;
	objects = {

/* Begin PBXBuildFile section */
		DE36809D24BAFB18004A7070 /* MediaReaderUiExampleApp.swift in Sources */ = {isa = PBXBuildFile; fileRef = DE36809C24BAFB18004A7070 /* MediaReaderUiExampleApp.swift */; };
		DE36809F24BAFB18004A7070 /* ContentView.swift in Sources */ = {isa = PBXBuildFile; fileRef = DE36809E24BAFB18004A7070 /* ContentView.swift */; };
		DE3680A124BAFB19004A7070 /* Assets.xcassets in Resources */ = {isa = PBXBuildFile; fileRef = DE3680A024BAFB19004A7070 /* Assets.xcassets */; };
		DE3680A424BAFB19004A7070 /* Preview Assets.xcassets in Resources */ = {isa = PBXBuildFile; fileRef = DE3680A324BAFB19004A7070 /* Preview Assets.xcassets */; };
		DE3680AF24BAFB19004A7070 /* MediaReaderUiExampleTests.swift in Sources */ = {isa = PBXBuildFile; fileRef = DE3680AE24BAFB19004A7070 /* MediaReaderUiExampleTests.swift */; };
		DE3680BA24BAFB19004A7070 /* MediaReaderUiExampleUITests.swift in Sources */ = {isa = PBXBuildFile; fileRef = DE3680B924BAFB19004A7070 /* MediaReaderUiExampleUITests.swift */; };
		DEBCABCA24BB0D240095D966 /* TimelineScreenView.swift in Sources */ = {isa = PBXBuildFile; fileRef = DEBCABC924BB0D240095D966 /* TimelineScreenView.swift */; };
		DEBCABCC24BB0D320095D966 /* FeaturedScreenView.swift in Sources */ = {isa = PBXBuildFile; fileRef = DEBCABCB24BB0D320095D966 /* FeaturedScreenView.swift */; };
		DEBCABD024BB0F9F0095D966 /* AnimationTabBar.swift in Sources */ = {isa = PBXBuildFile; fileRef = DEBCABCF24BB0F9F0095D966 /* AnimationTabBar.swift */; };
		DEBCABD224BB14290095D966 /* BookScreenView.swift in Sources */ = {isa = PBXBuildFile; fileRef = DEBCABD124BB14290095D966 /* BookScreenView.swift */; };
		DEBCABD624BB1B310095D966 /* ColorExtension.swift in Sources */ = {isa = PBXBuildFile; fileRef = DEBCABD524BB1B310095D966 /* ColorExtension.swift */; };
		DEBCABD924BB38550095D966 /* AnimationTabBarIndex.swift in Sources */ = {isa = PBXBuildFile; fileRef = DEBCABD824BB38550095D966 /* AnimationTabBarIndex.swift */; };
		DEBCABDE24BB3CC70095D966 /* TimelineButton.swift in Sources */ = {isa = PBXBuildFile; fileRef = DEBCABDD24BB3CC70095D966 /* TimelineButton.swift */; };
		DEBCABE024BB3D800095D966 /* FeaturedButton.swift in Sources */ = {isa = PBXBuildFile; fileRef = DEBCABDF24BB3D800095D966 /* FeaturedButton.swift */; };
		DEBCABE324BB3EB30095D966 /* TabBarButtonDesign.swift in Sources */ = {isa = PBXBuildFile; fileRef = DEBCABE224BB3EB30095D966 /* TabBarButtonDesign.swift */; };
		DEBCABE524BB49740095D966 /* BookButton.swift in Sources */ = {isa = PBXBuildFile; fileRef = DEBCABE424BB49730095D966 /* BookButton.swift */; };
/* End PBXBuildFile section */

/* Begin PBXContainerItemProxy section */
		DE3680AB24BAFB19004A7070 /* PBXContainerItemProxy */ = {
			isa = PBXContainerItemProxy;
			containerPortal = DE36809124BAFB18004A7070 /* Project object */;
			proxyType = 1;
			remoteGlobalIDString = DE36809824BAFB18004A7070;
			remoteInfo = MediaReaderUiExample;
		};
		DE3680B624BAFB19004A7070 /* PBXContainerItemProxy */ = {
			isa = PBXContainerItemProxy;
			containerPortal = DE36809124BAFB18004A7070 /* Project object */;
			proxyType = 1;
			remoteGlobalIDString = DE36809824BAFB18004A7070;
			remoteInfo = MediaReaderUiExample;
		};
/* End PBXContainerItemProxy section */

/* Begin PBXFileReference section */
		DE36809924BAFB18004A7070 /* MediaReaderUiExample.app */ = {isa = PBXFileReference; explicitFileType = wrapper.application; includeInIndex = 0; path = MediaReaderUiExample.app; sourceTree = BUILT_PRODUCTS_DIR; };
		DE36809C24BAFB18004A7070 /* MediaReaderUiExampleApp.swift */ = {isa = PBXFileReference; lastKnownFileType = sourcecode.swift; path = MediaReaderUiExampleApp.swift; sourceTree = "<group>"; };
		DE36809E24BAFB18004A7070 /* ContentView.swift */ = {isa = PBXFileReference; lastKnownFileType = sourcecode.swift; path = ContentView.swift; sourceTree = "<group>"; };
		DE3680A024BAFB19004A7070 /* Assets.xcassets */ = {isa = PBXFileReference; lastKnownFileType = folder.assetcatalog; path = Assets.xcassets; sourceTree = "<group>"; };
		DE3680A324BAFB19004A7070 /* Preview Assets.xcassets */ = {isa = PBXFileReference; lastKnownFileType = folder.assetcatalog; path = "Preview Assets.xcassets"; sourceTree = "<group>"; };
		DE3680A524BAFB19004A7070 /* Info.plist */ = {isa = PBXFileReference; lastKnownFileType = text.plist.xml; path = Info.plist; sourceTree = "<group>"; };
		DE3680AA24BAFB19004A7070 /* MediaReaderUiExampleTests.xctest */ = {isa = PBXFileReference; explicitFileType = wrapper.cfbundle; includeInIndex = 0; path = MediaReaderUiExampleTests.xctest; sourceTree = BUILT_PRODUCTS_DIR; };
		DE3680AE24BAFB19004A7070 /* MediaReaderUiExampleTests.swift */ = {isa = PBXFileReference; lastKnownFileType = sourcecode.swift; path = MediaReaderUiExampleTests.swift; sourceTree = "<group>"; };
		DE3680B024BAFB19004A7070 /* Info.plist */ = {isa = PBXFileReference; lastKnownFileType = text.plist.xml; path = Info.plist; sourceTree = "<group>"; };
		DE3680B524BAFB19004A7070 /* MediaReaderUiExampleUITests.xctest */ = {isa = PBXFileReference; explicitFileType = wrapper.cfbundle; includeInIndex = 0; path = MediaReaderUiExampleUITests.xctest; sourceTree = BUILT_PRODUCTS_DIR; };
		DE3680B924BAFB19004A7070 /* MediaReaderUiExampleUITests.swift */ = {isa = PBXFileReference; lastKnownFileType = sourcecode.swift; path = MediaReaderUiExampleUITests.swift; sourceTree = "<group>"; };
		DE3680BB24BAFB19004A7070 /* Info.plist */ = {isa = PBXFileReference; lastKnownFileType = text.plist.xml; path = Info.plist; sourceTree = "<group>"; };
		DEBCABC924BB0D240095D966 /* TimelineScreenView.swift */ = {isa = PBXFileReference; lastKnownFileType = sourcecode.swift; path = TimelineScreenView.swift; sourceTree = "<group>"; };
		DEBCABCB24BB0D320095D966 /* FeaturedScreenView.swift */ = {isa = PBXFileReference; lastKnownFileType = sourcecode.swift; path = FeaturedScreenView.swift; sourceTree = "<group>"; };
		DEBCABCF24BB0F9F0095D966 /* AnimationTabBar.swift */ = {isa = PBXFileReference; lastKnownFileType = sourcecode.swift; path = AnimationTabBar.swift; sourceTree = "<group>"; };
		DEBCABD124BB14290095D966 /* BookScreenView.swift */ = {isa = PBXFileReference; lastKnownFileType = sourcecode.swift; path = BookScreenView.swift; sourceTree = "<group>"; };
		DEBCABD524BB1B310095D966 /* ColorExtension.swift */ = {isa = PBXFileReference; lastKnownFileType = sourcecode.swift; path = ColorExtension.swift; sourceTree = "<group>"; };
		DEBCABD824BB38550095D966 /* AnimationTabBarIndex.swift */ = {isa = PBXFileReference; lastKnownFileType = sourcecode.swift; path = AnimationTabBarIndex.swift; sourceTree = "<group>"; };
		DEBCABDD24BB3CC70095D966 /* TimelineButton.swift */ = {isa = PBXFileReference; lastKnownFileType = sourcecode.swift; path = TimelineButton.swift; sourceTree = "<group>"; };
		DEBCABDF24BB3D800095D966 /* FeaturedButton.swift */ = {isa = PBXFileReference; lastKnownFileType = sourcecode.swift; path = FeaturedButton.swift; sourceTree = "<group>"; };
		DEBCABE224BB3EB30095D966 /* TabBarButtonDesign.swift */ = {isa = PBXFileReference; lastKnownFileType = sourcecode.swift; path = TabBarButtonDesign.swift; sourceTree = "<group>"; };
		DEBCABE424BB49730095D966 /* BookButton.swift */ = {isa = PBXFileReference; lastKnownFileType = sourcecode.swift; path = BookButton.swift; sourceTree = "<group>"; };
/* End PBXFileReference section */

/* Begin PBXFrameworksBuildPhase section */
		DE36809624BAFB18004A7070 /* Frameworks */ = {
			isa = PBXFrameworksBuildPhase;
			buildActionMask = 2147483647;
			files = (
			);
			runOnlyForDeploymentPostprocessing = 0;
		};
		DE3680A724BAFB19004A7070 /* Frameworks */ = {
			isa = PBXFrameworksBuildPhase;
			buildActionMask = 2147483647;
			files = (
			);
			runOnlyForDeploymentPostprocessing = 0;
		};
		DE3680B224BAFB19004A7070 /* Frameworks */ = {
			isa = PBXFrameworksBuildPhase;
			buildActionMask = 2147483647;
			files = (
			);
			runOnlyForDeploymentPostprocessing = 0;
		};
/* End PBXFrameworksBuildPhase section */

/* Begin PBXGroup section */
		DE36809024BAFB18004A7070 = {
			isa = PBXGroup;
			children = (
				DE36809B24BAFB18004A7070 /* MediaReaderUiExample */,
				DE3680AD24BAFB19004A7070 /* MediaReaderUiExampleTests */,
				DE3680B824BAFB19004A7070 /* MediaReaderUiExampleUITests */,
				DE36809A24BAFB18004A7070 /* Products */,
			);
			sourceTree = "<group>";
		};
		DE36809A24BAFB18004A7070 /* Products */ = {
			isa = PBXGroup;
			children = (
				DE36809924BAFB18004A7070 /* MediaReaderUiExample.app */,
				DE3680AA24BAFB19004A7070 /* MediaReaderUiExampleTests.xctest */,
				DE3680B524BAFB19004A7070 /* MediaReaderUiExampleUITests.xctest */,
			);
			name = Products;
			sourceTree = "<group>";
		};
		DE36809B24BAFB18004A7070 /* MediaReaderUiExample */ = {
			isa = PBXGroup;
			children = (
				DEBCABE124BB3E9D0095D966 /* Design */,
				DEBCABD724BB382A0095D966 /* Enum */,
				DEBCABD424BB1AE00095D966 /* Extension */,
				DEBCABC624BB0AB40095D966 /* View */,
				DE3680A524BAFB19004A7070 /* Info.plist */,
				DE36809C24BAFB18004A7070 /* MediaReaderUiExampleApp.swift */,
				DE3680A024BAFB19004A7070 /* Assets.xcassets */,
				DE3680A224BAFB19004A7070 /* Preview Content */,
			);
			path = MediaReaderUiExample;
			sourceTree = "<group>";
		};
		DE3680A224BAFB19004A7070 /* Preview Content */ = {
			isa = PBXGroup;
			children = (
				DE3680A324BAFB19004A7070 /* Preview Assets.xcassets */,
			);
			path = "Preview Content";
			sourceTree = "<group>";
		};
		DE3680AD24BAFB19004A7070 /* MediaReaderUiExampleTests */ = {
			isa = PBXGroup;
			children = (
				DE3680AE24BAFB19004A7070 /* MediaReaderUiExampleTests.swift */,
				DE3680B024BAFB19004A7070 /* Info.plist */,
			);
			path = MediaReaderUiExampleTests;
			sourceTree = "<group>";
		};
		DE3680B824BAFB19004A7070 /* MediaReaderUiExampleUITests */ = {
			isa = PBXGroup;
			children = (
				DE3680B924BAFB19004A7070 /* MediaReaderUiExampleUITests.swift */,
				DE3680BB24BAFB19004A7070 /* Info.plist */,
			);
			path = MediaReaderUiExampleUITests;
			sourceTree = "<group>";
		};
		DEBCABC324BB05E50095D966 /* Component */ = {
			isa = PBXGroup;
			children = (
				DEBCABDA24BB3B970095D966 /* TabBar */,
			);
			path = Component;
			sourceTree = "<group>";
		};
		DEBCABC424BB05F10095D966 /* Screen */ = {
			isa = PBXGroup;
			children = (
				DEBCABC924BB0D240095D966 /* TimelineScreenView.swift */,
				DEBCABCB24BB0D320095D966 /* FeaturedScreenView.swift */,
				DEBCABD124BB14290095D966 /* BookScreenView.swift */,
			);
			path = Screen;
			sourceTree = "<group>";
		};
		DEBCABC624BB0AB40095D966 /* View */ = {
			isa = PBXGroup;
			children = (
				DE36809E24BAFB18004A7070 /* ContentView.swift */,
				DEBCABC324BB05E50095D966 /* Component */,
				DEBCABC424BB05F10095D966 /* Screen */,
			);
			path = View;
			sourceTree = "<group>";
		};
		DEBCABD424BB1AE00095D966 /* Extension */ = {
			isa = PBXGroup;
			children = (
				DEBCABD524BB1B310095D966 /* ColorExtension.swift */,
			);
			path = Extension;
			sourceTree = "<group>";
		};
		DEBCABD724BB382A0095D966 /* Enum */ = {
			isa = PBXGroup;
			children = (
				DEBCABD824BB38550095D966 /* AnimationTabBarIndex.swift */,
			);
			path = Enum;
			sourceTree = "<group>";
		};
		DEBCABDA24BB3B970095D966 /* TabBar */ = {
			isa = PBXGroup;
			children = (
				DEBCABCF24BB0F9F0095D966 /* AnimationTabBar.swift */,
				DEBCABDD24BB3CC70095D966 /* TimelineButton.swift */,
				DEBCABDF24BB3D800095D966 /* FeaturedButton.swift */,
				DEBCABE424BB49730095D966 /* BookButton.swift */,
			);
			path = TabBar;
			sourceTree = "<group>";
		};
		DEBCABE124BB3E9D0095D966 /* Design */ = {
			isa = PBXGroup;
			children = (
				DEBCABE224BB3EB30095D966 /* TabBarButtonDesign.swift */,
			);
			path = Design;
			sourceTree = "<group>";
		};
/* End PBXGroup section */

/* Begin PBXNativeTarget section */
		DE36809824BAFB18004A7070 /* MediaReaderUiExample */ = {
			isa = PBXNativeTarget;
			buildConfigurationList = DE3680BE24BAFB19004A7070 /* Build configuration list for PBXNativeTarget "MediaReaderUiExample" */;
			buildPhases = (
				DE36809524BAFB18004A7070 /* Sources */,
				DE36809624BAFB18004A7070 /* Frameworks */,
				DE36809724BAFB18004A7070 /* Resources */,
			);
			buildRules = (
			);
			dependencies = (
			);
			name = MediaReaderUiExample;
			productName = MediaReaderUiExample;
			productReference = DE36809924BAFB18004A7070 /* MediaReaderUiExample.app */;
			productType = "com.apple.product-type.application";
		};
		DE3680A924BAFB19004A7070 /* MediaReaderUiExampleTests */ = {
			isa = PBXNativeTarget;
			buildConfigurationList = DE3680C124BAFB19004A7070 /* Build configuration list for PBXNativeTarget "MediaReaderUiExampleTests" */;
			buildPhases = (
				DE3680A624BAFB19004A7070 /* Sources */,
				DE3680A724BAFB19004A7070 /* Frameworks */,
				DE3680A824BAFB19004A7070 /* Resources */,
			);
			buildRules = (
			);
			dependencies = (
				DE3680AC24BAFB19004A7070 /* PBXTargetDependency */,
			);
			name = MediaReaderUiExampleTests;
			productName = MediaReaderUiExampleTests;
			productReference = DE3680AA24BAFB19004A7070 /* MediaReaderUiExampleTests.xctest */;
			productType = "com.apple.product-type.bundle.unit-test";
		};
		DE3680B424BAFB19004A7070 /* MediaReaderUiExampleUITests */ = {
			isa = PBXNativeTarget;
			buildConfigurationList = DE3680C424BAFB19004A7070 /* Build configuration list for PBXNativeTarget "MediaReaderUiExampleUITests" */;
			buildPhases = (
				DE3680B124BAFB19004A7070 /* Sources */,
				DE3680B224BAFB19004A7070 /* Frameworks */,
				DE3680B324BAFB19004A7070 /* Resources */,
			);
			buildRules = (
			);
			dependencies = (
				DE3680B724BAFB19004A7070 /* PBXTargetDependency */,
			);
			name = MediaReaderUiExampleUITests;
			productName = MediaReaderUiExampleUITests;
			productReference = DE3680B524BAFB19004A7070 /* MediaReaderUiExampleUITests.xctest */;
			productType = "com.apple.product-type.bundle.ui-testing";
		};
/* End PBXNativeTarget section */

/* Begin PBXProject section */
		DE36809124BAFB18004A7070 /* Project object */ = {
			isa = PBXProject;
			attributes = {
				LastSwiftUpdateCheck = 1200;
				LastUpgradeCheck = 1200;
				TargetAttributes = {
					DE36809824BAFB18004A7070 = {
						CreatedOnToolsVersion = 12.0;
					};
					DE3680A924BAFB19004A7070 = {
						CreatedOnToolsVersion = 12.0;
						TestTargetID = DE36809824BAFB18004A7070;
					};
					DE3680B424BAFB19004A7070 = {
						CreatedOnToolsVersion = 12.0;
						TestTargetID = DE36809824BAFB18004A7070;
					};
				};
			};
			buildConfigurationList = DE36809424BAFB18004A7070 /* Build configuration list for PBXProject "MediaReaderUiExample" */;
			compatibilityVersion = "Xcode 9.3";
			developmentRegion = en;
			hasScannedForEncodings = 0;
			knownRegions = (
				en,
				Base,
			);
			mainGroup = DE36809024BAFB18004A7070;
			productRefGroup = DE36809A24BAFB18004A7070 /* Products */;
			projectDirPath = "";
			projectRoot = "";
			targets = (
				DE36809824BAFB18004A7070 /* MediaReaderUiExample */,
				DE3680A924BAFB19004A7070 /* MediaReaderUiExampleTests */,
				DE3680B424BAFB19004A7070 /* MediaReaderUiExampleUITests */,
			);
		};
/* End PBXProject section */

/* Begin PBXResourcesBuildPhase section */
		DE36809724BAFB18004A7070 /* Resources */ = {
			isa = PBXResourcesBuildPhase;
			buildActionMask = 2147483647;
			files = (
				DE3680A424BAFB19004A7070 /* Preview Assets.xcassets in Resources */,
				DE3680A124BAFB19004A7070 /* Assets.xcassets in Resources */,
			);
			runOnlyForDeploymentPostprocessing = 0;
		};
		DE3680A824BAFB19004A7070 /* Resources */ = {
			isa = PBXResourcesBuildPhase;
			buildActionMask = 2147483647;
			files = (
			);
			runOnlyForDeploymentPostprocessing = 0;
		};
		DE3680B324BAFB19004A7070 /* Resources */ = {
			isa = PBXResourcesBuildPhase;
			buildActionMask = 2147483647;
			files = (
			);
			runOnlyForDeploymentPostprocessing = 0;
		};
/* End PBXResourcesBuildPhase section */

/* Begin PBXSourcesBuildPhase section */
		DE36809524BAFB18004A7070 /* Sources */ = {
			isa = PBXSourcesBuildPhase;
			buildActionMask = 2147483647;
			files = (
				DEBCABD024BB0F9F0095D966 /* AnimationTabBar.swift in Sources */,
				DEBCABD924BB38550095D966 /* AnimationTabBarIndex.swift in Sources */,
				DEBCABE324BB3EB30095D966 /* TabBarButtonDesign.swift in Sources */,
				DEBCABD624BB1B310095D966 /* ColorExtension.swift in Sources */,
				DEBCABD224BB14290095D966 /* BookScreenView.swift in Sources */,
				DEBCABCA24BB0D240095D966 /* TimelineScreenView.swift in Sources */,
				DE36809F24BAFB18004A7070 /* ContentView.swift in Sources */,
				DEBCABCC24BB0D320095D966 /* FeaturedScreenView.swift in Sources */,
				DEBCABE024BB3D800095D966 /* FeaturedButton.swift in Sources */,
				DEBCABDE24BB3CC70095D966 /* TimelineButton.swift in Sources */,
				DEBCABE524BB49740095D966 /* BookButton.swift in Sources */,
				DE36809D24BAFB18004A7070 /* MediaReaderUiExampleApp.swift in Sources */,
			);
			runOnlyForDeploymentPostprocessing = 0;
		};
		DE3680A624BAFB19004A7070 /* Sources */ = {
			isa = PBXSourcesBuildPhase;
			buildActionMask = 2147483647;
			files = (
				DE3680AF24BAFB19004A7070 /* MediaReaderUiExampleTests.swift in Sources */,
			);
			runOnlyForDeploymentPostprocessing = 0;
		};
		DE3680B124BAFB19004A7070 /* Sources */ = {
			isa = PBXSourcesBuildPhase;
			buildActionMask = 2147483647;
			files = (
				DE3680BA24BAFB19004A7070 /* MediaReaderUiExampleUITests.swift in Sources */,
			);
			runOnlyForDeploymentPostprocessing = 0;
		};
/* End PBXSourcesBuildPhase section */

/* Begin PBXTargetDependency section */
		DE3680AC24BAFB19004A7070 /* PBXTargetDependency */ = {
			isa = PBXTargetDependency;
			target = DE36809824BAFB18004A7070 /* MediaReaderUiExample */;
			targetProxy = DE3680AB24BAFB19004A7070 /* PBXContainerItemProxy */;
		};
		DE3680B724BAFB19004A7070 /* PBXTargetDependency */ = {
			isa = PBXTargetDependency;
			target = DE36809824BAFB18004A7070 /* MediaReaderUiExample */;
			targetProxy = DE3680B624BAFB19004A7070 /* PBXContainerItemProxy */;
		};
/* End PBXTargetDependency section */

/* Begin XCBuildConfiguration section */
		DE3680BC24BAFB19004A7070 /* Debug */ = {
			isa = XCBuildConfiguration;
			buildSettings = {
				ALWAYS_SEARCH_USER_PATHS = NO;
				CLANG_ANALYZER_NONNULL = YES;
				CLANG_ANALYZER_NUMBER_OBJECT_CONVERSION = YES_AGGRESSIVE;
				CLANG_CXX_LANGUAGE_STANDARD = "gnu++14";
				CLANG_CXX_LIBRARY = "libc++";
				CLANG_ENABLE_MODULES = YES;
				CLANG_ENABLE_OBJC_ARC = YES;
				CLANG_ENABLE_OBJC_WEAK = YES;
				CLANG_WARN_BLOCK_CAPTURE_AUTORELEASING = YES;
				CLANG_WARN_BOOL_CONVERSION = YES;
				CLANG_WARN_COMMA = YES;
				CLANG_WARN_CONSTANT_CONVERSION = YES;
				CLANG_WARN_DEPRECATED_OBJC_IMPLEMENTATIONS = YES;
				CLANG_WARN_DIRECT_OBJC_ISA_USAGE = YES_ERROR;
				CLANG_WARN_DOCUMENTATION_COMMENTS = YES;
				CLANG_WARN_EMPTY_BODY = YES;
				CLANG_WARN_ENUM_CONVERSION = YES;
				CLANG_WARN_INFINITE_RECURSION = YES;
				CLANG_WARN_INT_CONVERSION = YES;
				CLANG_WARN_NON_LITERAL_NULL_CONVERSION = YES;
				CLANG_WARN_OBJC_IMPLICIT_RETAIN_SELF = YES;
				CLANG_WARN_OBJC_LITERAL_CONVERSION = YES;
				CLANG_WARN_OBJC_ROOT_CLASS = YES_ERROR;
				CLANG_WARN_QUOTED_INCLUDE_IN_FRAMEWORK_HEADER = YES;
				CLANG_WARN_RANGE_LOOP_ANALYSIS = YES;
				CLANG_WARN_STRICT_PROTOTYPES = YES;
				CLANG_WARN_SUSPICIOUS_MOVE = YES;
				CLANG_WARN_UNGUARDED_AVAILABILITY = YES_AGGRESSIVE;
				CLANG_WARN_UNREACHABLE_CODE = YES;
				CLANG_WARN__DUPLICATE_METHOD_MATCH = YES;
				COPY_PHASE_STRIP = NO;
				DEBUG_INFORMATION_FORMAT = dwarf;
				ENABLE_STRICT_OBJC_MSGSEND = YES;
				ENABLE_TESTABILITY = YES;
				GCC_C_LANGUAGE_STANDARD = gnu11;
				GCC_DYNAMIC_NO_PIC = NO;
				GCC_NO_COMMON_BLOCKS = YES;
				GCC_OPTIMIZATION_LEVEL = 0;
				GCC_PREPROCESSOR_DEFINITIONS = (
					"DEBUG=1",
					"$(inherited)",
				);
				GCC_WARN_64_TO_32_BIT_CONVERSION = YES;
				GCC_WARN_ABOUT_RETURN_TYPE = YES_ERROR;
				GCC_WARN_UNDECLARED_SELECTOR = YES;
				GCC_WARN_UNINITIALIZED_AUTOS = YES_AGGRESSIVE;
				GCC_WARN_UNUSED_FUNCTION = YES;
				GCC_WARN_UNUSED_VARIABLE = YES;
				IPHONEOS_DEPLOYMENT_TARGET = 14.0;
				MTL_ENABLE_DEBUG_INFO = INCLUDE_SOURCE;
				MTL_FAST_MATH = YES;
				ONLY_ACTIVE_ARCH = YES;
				SDKROOT = iphoneos;
				SWIFT_ACTIVE_COMPILATION_CONDITIONS = DEBUG;
				SWIFT_OPTIMIZATION_LEVEL = "-Onone";
			};
			name = Debug;
		};
		DE3680BD24BAFB19004A7070 /* Release */ = {
			isa = XCBuildConfiguration;
			buildSettings = {
				ALWAYS_SEARCH_USER_PATHS = NO;
				CLANG_ANALYZER_NONNULL = YES;
				CLANG_ANALYZER_NUMBER_OBJECT_CONVERSION = YES_AGGRESSIVE;
				CLANG_CXX_LANGUAGE_STANDARD = "gnu++14";
				CLANG_CXX_LIBRARY = "libc++";
				CLANG_ENABLE_MODULES = YES;
				CLANG_ENABLE_OBJC_ARC = YES;
				CLANG_ENABLE_OBJC_WEAK = YES;
				CLANG_WARN_BLOCK_CAPTURE_AUTORELEASING = YES;
				CLANG_WARN_BOOL_CONVERSION = YES;
				CLANG_WARN_COMMA = YES;
				CLANG_WARN_CONSTANT_CONVERSION = YES;
				CLANG_WARN_DEPRECATED_OBJC_IMPLEMENTATIONS = YES;
				CLANG_WARN_DIRECT_OBJC_ISA_USAGE = YES_ERROR;
				CLANG_WARN_DOCUMENTATION_COMMENTS = YES;
				CLANG_WARN_EMPTY_BODY = YES;
				CLANG_WARN_ENUM_CONVERSION = YES;
				CLANG_WARN_INFINITE_RECURSION = YES;
				CLANG_WARN_INT_CONVERSION = YES;
				CLANG_WARN_NON_LITERAL_NULL_CONVERSION = YES;
				CLANG_WARN_OBJC_IMPLICIT_RETAIN_SELF = YES;
				CLANG_WARN_OBJC_LITERAL_CONVERSION = YES;
				CLANG_WARN_OBJC_ROOT_CLASS = YES_ERROR;
				CLANG_WARN_QUOTED_INCLUDE_IN_FRAMEWORK_HEADER = YES;
				CLANG_WARN_RANGE_LOOP_ANALYSIS = YES;
				CLANG_WARN_STRICT_PROTOTYPES = YES;
				CLANG_WARN_SUSPICIOUS_MOVE = YES;
				CLANG_WARN_UNGUARDED_AVAILABILITY = YES_AGGRESSIVE;
				CLANG_WARN_UNREACHABLE_CODE = YES;
				CLANG_WARN__DUPLICATE_METHOD_MATCH = YES;
				COPY_PHASE_STRIP = NO;
				DEBUG_INFORMATION_FORMAT = "dwarf-with-dsym";
				ENABLE_NS_ASSERTIONS = NO;
				ENABLE_STRICT_OBJC_MSGSEND = YES;
				GCC_C_LANGUAGE_STANDARD = gnu11;
				GCC_NO_COMMON_BLOCKS = YES;
				GCC_WARN_64_TO_32_BIT_CONVERSION = YES;
				GCC_WARN_ABOUT_RETURN_TYPE = YES_ERROR;
				GCC_WARN_UNDECLARED_SELECTOR = YES;
				GCC_WARN_UNINITIALIZED_AUTOS = YES_AGGRESSIVE;
				GCC_WARN_UNUSED_FUNCTION = YES;
				GCC_WARN_UNUSED_VARIABLE = YES;
				IPHONEOS_DEPLOYMENT_TARGET = 14.0;
				MTL_ENABLE_DEBUG_INFO = NO;
				MTL_FAST_MATH = YES;
				SDKROOT = iphoneos;
				SWIFT_COMPILATION_MODE = wholemodule;
				SWIFT_OPTIMIZATION_LEVEL = "-O";
				VALIDATE_PRODUCT = YES;
			};
			name = Release;
		};
		DE3680BF24BAFB19004A7070 /* Debug */ = {
			isa = XCBuildConfiguration;
			buildSettings = {
				ASSETCATALOG_COMPILER_APPICON_NAME = AppIcon;
				ASSETCATALOG_COMPILER_GLOBAL_ACCENT_COLOR_NAME = AccentColor;
				CODE_SIGN_STYLE = Automatic;
				DEVELOPMENT_ASSET_PATHS = "\"MediaReaderUiExample/Preview Content\"";
				DEVELOPMENT_TEAM = S5BF5553KY;
				ENABLE_PREVIEWS = YES;
				INFOPLIST_FILE = MediaReaderUiExample/Info.plist;
				IPHONEOS_DEPLOYMENT_TARGET = 14.0;
				LD_RUNPATH_SEARCH_PATHS = (
					"$(inherited)",
					"@executable_path/Frameworks",
				);
				PRODUCT_BUNDLE_IDENTIFIER = com.just1factory.MediaReaderUiExample;
				PRODUCT_NAME = "$(TARGET_NAME)";
				SWIFT_VERSION = 5.0;
				TARGETED_DEVICE_FAMILY = "1,2";
			};
			name = Debug;
		};
		DE3680C024BAFB19004A7070 /* Release */ = {
			isa = XCBuildConfiguration;
			buildSettings = {
				ASSETCATALOG_COMPILER_APPICON_NAME = AppIcon;
				ASSETCATALOG_COMPILER_GLOBAL_ACCENT_COLOR_NAME = AccentColor;
				CODE_SIGN_STYLE = Automatic;
				DEVELOPMENT_ASSET_PATHS = "\"MediaReaderUiExample/Preview Content\"";
				DEVELOPMENT_TEAM = S5BF5553KY;
				ENABLE_PREVIEWS = YES;
				INFOPLIST_FILE = MediaReaderUiExample/Info.plist;
				IPHONEOS_DEPLOYMENT_TARGET = 14.0;
				LD_RUNPATH_SEARCH_PATHS = (
					"$(inherited)",
					"@executable_path/Frameworks",
				);
				PRODUCT_BUNDLE_IDENTIFIER = com.just1factory.MediaReaderUiExample;
				PRODUCT_NAME = "$(TARGET_NAME)";
				SWIFT_VERSION = 5.0;
				TARGETED_DEVICE_FAMILY = "1,2";
			};
			name = Release;
		};
		DE3680C224BAFB19004A7070 /* Debug */ = {
			isa = XCBuildConfiguration;
			buildSettings = {
				ALWAYS_EMBED_SWIFT_STANDARD_LIBRARIES = YES;
				BUNDLE_LOADER = "$(TEST_HOST)";
				CODE_SIGN_STYLE = Automatic;
				DEVELOPMENT_TEAM = S5BF5553KY;
				INFOPLIST_FILE = MediaReaderUiExampleTests/Info.plist;
				IPHONEOS_DEPLOYMENT_TARGET = 14.0;
				LD_RUNPATH_SEARCH_PATHS = (
					"$(inherited)",
					"@executable_path/Frameworks",
					"@loader_path/Frameworks",
				);
				PRODUCT_BUNDLE_IDENTIFIER = com.just1factory.MediaReaderUiExampleTests;
				PRODUCT_NAME = "$(TARGET_NAME)";
				SWIFT_VERSION = 5.0;
				TARGETED_DEVICE_FAMILY = "1,2";
				TEST_HOST = "$(BUILT_PRODUCTS_DIR)/MediaReaderUiExample.app/MediaReaderUiExample";
			};
			name = Debug;
		};
		DE3680C324BAFB19004A7070 /* Release */ = {
			isa = XCBuildConfiguration;
			buildSettings = {
				ALWAYS_EMBED_SWIFT_STANDARD_LIBRARIES = YES;
				BUNDLE_LOADER = "$(TEST_HOST)";
				CODE_SIGN_STYLE = Automatic;
				DEVELOPMENT_TEAM = S5BF5553KY;
				INFOPLIST_FILE = MediaReaderUiExampleTests/Info.plist;
				IPHONEOS_DEPLOYMENT_TARGET = 14.0;
				LD_RUNPATH_SEARCH_PATHS = (
					"$(inherited)",
					"@executable_path/Frameworks",
					"@loader_path/Frameworks",
				);
				PRODUCT_BUNDLE_IDENTIFIER = com.just1factory.MediaReaderUiExampleTests;
				PRODUCT_NAME = "$(TARGET_NAME)";
				SWIFT_VERSION = 5.0;
				TARGETED_DEVICE_FAMILY = "1,2";
				TEST_HOST = "$(BUILT_PRODUCTS_DIR)/MediaReaderUiExample.app/MediaReaderUiExample";
			};
			name = Release;
		};
		DE3680C524BAFB19004A7070 /* Debug */ = {
			isa = XCBuildConfiguration;
			buildSettings = {
				ALWAYS_EMBED_SWIFT_STANDARD_LIBRARIES = YES;
				CODE_SIGN_STYLE = Automatic;
				DEVELOPMENT_TEAM = S5BF5553KY;
				INFOPLIST_FILE = MediaReaderUiExampleUITests/Info.plist;
				LD_RUNPATH_SEARCH_PATHS = (
					"$(inherited)",
					"@executable_path/Frameworks",
					"@loader_path/Frameworks",
				);
				PRODUCT_BUNDLE_IDENTIFIER = com.just1factory.MediaReaderUiExampleUITests;
				PRODUCT_NAME = "$(TARGET_NAME)";
				SWIFT_VERSION = 5.0;
				TARGETED_DEVICE_FAMILY = "1,2";
				TEST_TARGET_NAME = MediaReaderUiExample;
			};
			name = Debug;
		};
		DE3680C624BAFB19004A7070 /* Release */ = {
			isa = XCBuildConfiguration;
			buildSettings = {
				ALWAYS_EMBED_SWIFT_STANDARD_LIBRARIES = YES;
				CODE_SIGN_STYLE = Automatic;
				DEVELOPMENT_TEAM = S5BF5553KY;
				INFOPLIST_FILE = MediaReaderUiExampleUITests/Info.plist;
				LD_RUNPATH_SEARCH_PATHS = (
					"$(inherited)",
					"@executable_path/Frameworks",
					"@loader_path/Frameworks",
				);
				PRODUCT_BUNDLE_IDENTIFIER = com.just1factory.MediaReaderUiExampleUITests;
				PRODUCT_NAME = "$(TARGET_NAME)";
				SWIFT_VERSION = 5.0;
				TARGETED_DEVICE_FAMILY = "1,2";
				TEST_TARGET_NAME = MediaReaderUiExample;
			};
			name = Release;
		};
/* End XCBuildConfiguration section */

/* Begin XCConfigurationList section */
		DE36809424BAFB18004A7070 /* Build configuration list for PBXProject "MediaReaderUiExample" */ = {
			isa = XCConfigurationList;
			buildConfigurations = (
				DE3680BC24BAFB19004A7070 /* Debug */,
				DE3680BD24BAFB19004A7070 /* Release */,
			);
			defaultConfigurationIsVisible = 0;
			defaultConfigurationName = Release;
		};
		DE3680BE24BAFB19004A7070 /* Build configuration list for PBXNativeTarget "MediaReaderUiExample" */ = {
			isa = XCConfigurationList;
			buildConfigurations = (
				DE3680BF24BAFB19004A7070 /* Debug */,
				DE3680C024BAFB19004A7070 /* Release */,
			);
			defaultConfigurationIsVisible = 0;
			defaultConfigurationName = Release;
		};
		DE3680C124BAFB19004A7070 /* Build configuration list for PBXNativeTarget "MediaReaderUiExampleTests" */ = {
			isa = XCConfigurationList;
			buildConfigurations = (
				DE3680C224BAFB19004A7070 /* Debug */,
				DE3680C324BAFB19004A7070 /* Release */,
			);
			defaultConfigurationIsVisible = 0;
			defaultConfigurationName = Release;
		};
		DE3680C424BAFB19004A7070 /* Build configuration list for PBXNativeTarget "MediaReaderUiExampleUITests" */ = {
			isa = XCConfigurationList;
			buildConfigurations = (
				DE3680C524BAFB19004A7070 /* Debug */,
				DE3680C624BAFB19004A7070 /* Release */,
			);
			defaultConfigurationIsVisible = 0;
			defaultConfigurationName = Release;
		};
/* End XCConfigurationList section */
	};
	rootObject = DE36809124BAFB18004A7070 /* Project object */;
}
