// !$*UTF8*$!
{
	archiveVersion = 1;
	classes = {
	};
	objectVersion = 50;
	objects = {

/* Begin PBXBuildFile section */
		DEDE5D392539CF890028BEA4 /* MediaReaderUiExampleApp.swift in Sources */ = {isa = PBXBuildFile; fileRef = DEDE5D382539CF890028BEA4 /* MediaReaderUiExampleApp.swift */; };
		DEDE5D3B2539CF890028BEA4 /* ContentView.swift in Sources */ = {isa = PBXBuildFile; fileRef = DEDE5D3A2539CF890028BEA4 /* ContentView.swift */; };
		DEDE5D3D2539CF8A0028BEA4 /* Assets.xcassets in Resources */ = {isa = PBXBuildFile; fileRef = DEDE5D3C2539CF8A0028BEA4 /* Assets.xcassets */; };
		DEDE5D402539CF8A0028BEA4 /* Preview Assets.xcassets in Resources */ = {isa = PBXBuildFile; fileRef = DEDE5D3F2539CF8A0028BEA4 /* Preview Assets.xcassets */; };
		DEDE5D4B2539CF8A0028BEA4 /* MediaReaderUiExampleTests.swift in Sources */ = {isa = PBXBuildFile; fileRef = DEDE5D4A2539CF8A0028BEA4 /* MediaReaderUiExampleTests.swift */; };
		DEDE5D562539CF8A0028BEA4 /* MediaReaderUiExampleUITests.swift in Sources */ = {isa = PBXBuildFile; fileRef = DEDE5D552539CF8A0028BEA4 /* MediaReaderUiExampleUITests.swift */; };
/* End PBXBuildFile section */

/* Begin PBXContainerItemProxy section */
		DEDE5D472539CF8A0028BEA4 /* PBXContainerItemProxy */ = {
			isa = PBXContainerItemProxy;
			containerPortal = DEDE5D2D2539CF890028BEA4 /* Project object */;
			proxyType = 1;
			remoteGlobalIDString = DEDE5D342539CF890028BEA4;
			remoteInfo = MediaReaderUiExample;
		};
		DEDE5D522539CF8A0028BEA4 /* PBXContainerItemProxy */ = {
			isa = PBXContainerItemProxy;
			containerPortal = DEDE5D2D2539CF890028BEA4 /* Project object */;
			proxyType = 1;
			remoteGlobalIDString = DEDE5D342539CF890028BEA4;
			remoteInfo = MediaReaderUiExample;
		};
/* End PBXContainerItemProxy section */

/* Begin PBXFileReference section */
		DEDE5D352539CF890028BEA4 /* MediaReaderUiExample.app */ = {isa = PBXFileReference; explicitFileType = wrapper.application; includeInIndex = 0; path = MediaReaderUiExample.app; sourceTree = BUILT_PRODUCTS_DIR; };
		DEDE5D382539CF890028BEA4 /* MediaReaderUiExampleApp.swift */ = {isa = PBXFileReference; lastKnownFileType = sourcecode.swift; path = MediaReaderUiExampleApp.swift; sourceTree = "<group>"; };
		DEDE5D3A2539CF890028BEA4 /* ContentView.swift */ = {isa = PBXFileReference; lastKnownFileType = sourcecode.swift; path = ContentView.swift; sourceTree = "<group>"; };
		DEDE5D3C2539CF8A0028BEA4 /* Assets.xcassets */ = {isa = PBXFileReference; lastKnownFileType = folder.assetcatalog; path = Assets.xcassets; sourceTree = "<group>"; };
		DEDE5D3F2539CF8A0028BEA4 /* Preview Assets.xcassets */ = {isa = PBXFileReference; lastKnownFileType = folder.assetcatalog; path = "Preview Assets.xcassets"; sourceTree = "<group>"; };
		DEDE5D412539CF8A0028BEA4 /* Info.plist */ = {isa = PBXFileReference; lastKnownFileType = text.plist.xml; path = Info.plist; sourceTree = "<group>"; };
		DEDE5D462539CF8A0028BEA4 /* MediaReaderUiExampleTests.xctest */ = {isa = PBXFileReference; explicitFileType = wrapper.cfbundle; includeInIndex = 0; path = MediaReaderUiExampleTests.xctest; sourceTree = BUILT_PRODUCTS_DIR; };
		DEDE5D4A2539CF8A0028BEA4 /* MediaReaderUiExampleTests.swift */ = {isa = PBXFileReference; lastKnownFileType = sourcecode.swift; path = MediaReaderUiExampleTests.swift; sourceTree = "<group>"; };
		DEDE5D4C2539CF8A0028BEA4 /* Info.plist */ = {isa = PBXFileReference; lastKnownFileType = text.plist.xml; path = Info.plist; sourceTree = "<group>"; };
		DEDE5D512539CF8A0028BEA4 /* MediaReaderUiExampleUITests.xctest */ = {isa = PBXFileReference; explicitFileType = wrapper.cfbundle; includeInIndex = 0; path = MediaReaderUiExampleUITests.xctest; sourceTree = BUILT_PRODUCTS_DIR; };
		DEDE5D552539CF8A0028BEA4 /* MediaReaderUiExampleUITests.swift */ = {isa = PBXFileReference; lastKnownFileType = sourcecode.swift; path = MediaReaderUiExampleUITests.swift; sourceTree = "<group>"; };
		DEDE5D572539CF8A0028BEA4 /* Info.plist */ = {isa = PBXFileReference; lastKnownFileType = text.plist.xml; path = Info.plist; sourceTree = "<group>"; };
/* End PBXFileReference section */

/* Begin PBXFrameworksBuildPhase section */
		DEDE5D322539CF890028BEA4 /* Frameworks */ = {
			isa = PBXFrameworksBuildPhase;
			buildActionMask = 2147483647;
			files = (
			);
			runOnlyForDeploymentPostprocessing = 0;
		};
		DEDE5D432539CF8A0028BEA4 /* Frameworks */ = {
			isa = PBXFrameworksBuildPhase;
			buildActionMask = 2147483647;
			files = (
			);
			runOnlyForDeploymentPostprocessing = 0;
		};
		DEDE5D4E2539CF8A0028BEA4 /* Frameworks */ = {
			isa = PBXFrameworksBuildPhase;
			buildActionMask = 2147483647;
			files = (
			);
			runOnlyForDeploymentPostprocessing = 0;
		};
/* End PBXFrameworksBuildPhase section */

/* Begin PBXGroup section */
		DEDE5D2C2539CF890028BEA4 = {
			isa = PBXGroup;
			children = (
				DEDE5D372539CF890028BEA4 /* MediaReaderUiExample */,
				DEDE5D492539CF8A0028BEA4 /* MediaReaderUiExampleTests */,
				DEDE5D542539CF8A0028BEA4 /* MediaReaderUiExampleUITests */,
				DEDE5D362539CF890028BEA4 /* Products */,
			);
			sourceTree = "<group>";
		};
		DEDE5D362539CF890028BEA4 /* Products */ = {
			isa = PBXGroup;
			children = (
				DEDE5D352539CF890028BEA4 /* MediaReaderUiExample.app */,
				DEDE5D462539CF8A0028BEA4 /* MediaReaderUiExampleTests.xctest */,
				DEDE5D512539CF8A0028BEA4 /* MediaReaderUiExampleUITests.xctest */,
			);
			name = Products;
			sourceTree = "<group>";
		};
		DEDE5D372539CF890028BEA4 /* MediaReaderUiExample */ = {
			isa = PBXGroup;
			children = (
				DEDE5D382539CF890028BEA4 /* MediaReaderUiExampleApp.swift */,
				DEDE5D3A2539CF890028BEA4 /* ContentView.swift */,
				DEDE5D3C2539CF8A0028BEA4 /* Assets.xcassets */,
				DEDE5D412539CF8A0028BEA4 /* Info.plist */,
				DEDE5D3E2539CF8A0028BEA4 /* Preview Content */,
			);
			path = MediaReaderUiExample;
			sourceTree = "<group>";
		};
		DEDE5D3E2539CF8A0028BEA4 /* Preview Content */ = {
			isa = PBXGroup;
			children = (
				DEDE5D3F2539CF8A0028BEA4 /* Preview Assets.xcassets */,
			);
			path = "Preview Content";
			sourceTree = "<group>";
		};
		DEDE5D492539CF8A0028BEA4 /* MediaReaderUiExampleTests */ = {
			isa = PBXGroup;
			children = (
				DEDE5D4A2539CF8A0028BEA4 /* MediaReaderUiExampleTests.swift */,
				DEDE5D4C2539CF8A0028BEA4 /* Info.plist */,
			);
			path = MediaReaderUiExampleTests;
			sourceTree = "<group>";
		};
		DEDE5D542539CF8A0028BEA4 /* MediaReaderUiExampleUITests */ = {
			isa = PBXGroup;
			children = (
				DEDE5D552539CF8A0028BEA4 /* MediaReaderUiExampleUITests.swift */,
				DEDE5D572539CF8A0028BEA4 /* Info.plist */,
			);
			path = MediaReaderUiExampleUITests;
			sourceTree = "<group>";
		};
/* End PBXGroup section */

/* Begin PBXNativeTarget section */
		DEDE5D342539CF890028BEA4 /* MediaReaderUiExample */ = {
			isa = PBXNativeTarget;
			buildConfigurationList = DEDE5D5A2539CF8A0028BEA4 /* Build configuration list for PBXNativeTarget "MediaReaderUiExample" */;
			buildPhases = (
				DEDE5D312539CF890028BEA4 /* Sources */,
				DEDE5D322539CF890028BEA4 /* Frameworks */,
				DEDE5D332539CF890028BEA4 /* Resources */,
			);
			buildRules = (
			);
			dependencies = (
			);
			name = MediaReaderUiExample;
			productName = MediaReaderUiExample;
			productReference = DEDE5D352539CF890028BEA4 /* MediaReaderUiExample.app */;
			productType = "com.apple.product-type.application";
		};
		DEDE5D452539CF8A0028BEA4 /* MediaReaderUiExampleTests */ = {
			isa = PBXNativeTarget;
			buildConfigurationList = DEDE5D5D2539CF8A0028BEA4 /* Build configuration list for PBXNativeTarget "MediaReaderUiExampleTests" */;
			buildPhases = (
				DEDE5D422539CF8A0028BEA4 /* Sources */,
				DEDE5D432539CF8A0028BEA4 /* Frameworks */,
				DEDE5D442539CF8A0028BEA4 /* Resources */,
			);
			buildRules = (
			);
			dependencies = (
				DEDE5D482539CF8A0028BEA4 /* PBXTargetDependency */,
			);
			name = MediaReaderUiExampleTests;
			productName = MediaReaderUiExampleTests;
			productReference = DEDE5D462539CF8A0028BEA4 /* MediaReaderUiExampleTests.xctest */;
			productType = "com.apple.product-type.bundle.unit-test";
		};
		DEDE5D502539CF8A0028BEA4 /* MediaReaderUiExampleUITests */ = {
			isa = PBXNativeTarget;
			buildConfigurationList = DEDE5D602539CF8A0028BEA4 /* Build configuration list for PBXNativeTarget "MediaReaderUiExampleUITests" */;
			buildPhases = (
				DEDE5D4D2539CF8A0028BEA4 /* Sources */,
				DEDE5D4E2539CF8A0028BEA4 /* Frameworks */,
				DEDE5D4F2539CF8A0028BEA4 /* Resources */,
			);
			buildRules = (
			);
			dependencies = (
				DEDE5D532539CF8A0028BEA4 /* PBXTargetDependency */,
			);
			name = MediaReaderUiExampleUITests;
			productName = MediaReaderUiExampleUITests;
			productReference = DEDE5D512539CF8A0028BEA4 /* MediaReaderUiExampleUITests.xctest */;
			productType = "com.apple.product-type.bundle.ui-testing";
		};
/* End PBXNativeTarget section */

/* Begin PBXProject section */
		DEDE5D2D2539CF890028BEA4 /* Project object */ = {
			isa = PBXProject;
			attributes = {
				LastSwiftUpdateCheck = 1200;
				LastUpgradeCheck = 1200;
				TargetAttributes = {
					DEDE5D342539CF890028BEA4 = {
						CreatedOnToolsVersion = 12.0.1;
					};
					DEDE5D452539CF8A0028BEA4 = {
						CreatedOnToolsVersion = 12.0.1;
						TestTargetID = DEDE5D342539CF890028BEA4;
					};
					DEDE5D502539CF8A0028BEA4 = {
						CreatedOnToolsVersion = 12.0.1;
						TestTargetID = DEDE5D342539CF890028BEA4;
					};
				};
			};
			buildConfigurationList = DEDE5D302539CF890028BEA4 /* Build configuration list for PBXProject "MediaReaderUiExample" */;
			compatibilityVersion = "Xcode 9.3";
			developmentRegion = en;
			hasScannedForEncodings = 0;
			knownRegions = (
				en,
				Base,
			);
			mainGroup = DEDE5D2C2539CF890028BEA4;
			productRefGroup = DEDE5D362539CF890028BEA4 /* Products */;
			projectDirPath = "";
			projectRoot = "";
			targets = (
				DEDE5D342539CF890028BEA4 /* MediaReaderUiExample */,
				DEDE5D452539CF8A0028BEA4 /* MediaReaderUiExampleTests */,
				DEDE5D502539CF8A0028BEA4 /* MediaReaderUiExampleUITests */,
			);
		};
/* End PBXProject section */

/* Begin PBXResourcesBuildPhase section */
		DEDE5D332539CF890028BEA4 /* Resources */ = {
			isa = PBXResourcesBuildPhase;
			buildActionMask = 2147483647;
			files = (
				DEDE5D402539CF8A0028BEA4 /* Preview Assets.xcassets in Resources */,
				DEDE5D3D2539CF8A0028BEA4 /* Assets.xcassets in Resources */,
			);
			runOnlyForDeploymentPostprocessing = 0;
		};
		DEDE5D442539CF8A0028BEA4 /* Resources */ = {
			isa = PBXResourcesBuildPhase;
			buildActionMask = 2147483647;
			files = (
			);
			runOnlyForDeploymentPostprocessing = 0;
		};
		DEDE5D4F2539CF8A0028BEA4 /* Resources */ = {
			isa = PBXResourcesBuildPhase;
			buildActionMask = 2147483647;
			files = (
			);
			runOnlyForDeploymentPostprocessing = 0;
		};
/* End PBXResourcesBuildPhase section */

/* Begin PBXSourcesBuildPhase section */
		DEDE5D312539CF890028BEA4 /* Sources */ = {
			isa = PBXSourcesBuildPhase;
			buildActionMask = 2147483647;
			files = (
				DEDE5D3B2539CF890028BEA4 /* ContentView.swift in Sources */,
				DEDE5D392539CF890028BEA4 /* MediaReaderUiExampleApp.swift in Sources */,
			);
			runOnlyForDeploymentPostprocessing = 0;
		};
		DEDE5D422539CF8A0028BEA4 /* Sources */ = {
			isa = PBXSourcesBuildPhase;
			buildActionMask = 2147483647;
			files = (
				DEDE5D4B2539CF8A0028BEA4 /* MediaReaderUiExampleTests.swift in Sources */,
			);
			runOnlyForDeploymentPostprocessing = 0;
		};
		DEDE5D4D2539CF8A0028BEA4 /* Sources */ = {
			isa = PBXSourcesBuildPhase;
			buildActionMask = 2147483647;
			files = (
				DEDE5D562539CF8A0028BEA4 /* MediaReaderUiExampleUITests.swift in Sources */,
			);
			runOnlyForDeploymentPostprocessing = 0;
		};
/* End PBXSourcesBuildPhase section */

/* Begin PBXTargetDependency section */
		DEDE5D482539CF8A0028BEA4 /* PBXTargetDependency */ = {
			isa = PBXTargetDependency;
			target = DEDE5D342539CF890028BEA4 /* MediaReaderUiExample */;
			targetProxy = DEDE5D472539CF8A0028BEA4 /* PBXContainerItemProxy */;
		};
		DEDE5D532539CF8A0028BEA4 /* PBXTargetDependency */ = {
			isa = PBXTargetDependency;
			target = DEDE5D342539CF890028BEA4 /* MediaReaderUiExample */;
			targetProxy = DEDE5D522539CF8A0028BEA4 /* PBXContainerItemProxy */;
		};
/* End PBXTargetDependency section */

/* Begin XCBuildConfiguration section */
		DEDE5D582539CF8A0028BEA4 /* Debug */ = {
			isa = XCBuildConfiguration;
			buildSettings = {
				ALWAYS_SEARCH_USER_PATHS = NO;
				CLANG_ANALYZER_NONNULL = YES;
				CLANG_ANALYZER_NUMBER_OBJECT_CONVERSION = YES_AGGRESSIVE;
				CLANG_CXX_LANGUAGE_STANDARD = "gnu++14";
				CLANG_CXX_LIBRARY = "libc++";
				CLANG_ENABLE_MODULES = YES;
				CLANG_ENABLE_OBJC_ARC = YES;
				CLANG_ENABLE_OBJC_WEAK = YES;
				CLANG_WARN_BLOCK_CAPTURE_AUTORELEASING = YES;
				CLANG_WARN_BOOL_CONVERSION = YES;
				CLANG_WARN_COMMA = YES;
				CLANG_WARN_CONSTANT_CONVERSION = YES;
				CLANG_WARN_DEPRECATED_OBJC_IMPLEMENTATIONS = YES;
				CLANG_WARN_DIRECT_OBJC_ISA_USAGE = YES_ERROR;
				CLANG_WARN_DOCUMENTATION_COMMENTS = YES;
				CLANG_WARN_EMPTY_BODY = YES;
				CLANG_WARN_ENUM_CONVERSION = YES;
				CLANG_WARN_INFINITE_RECURSION = YES;
				CLANG_WARN_INT_CONVERSION = YES;
				CLANG_WARN_NON_LITERAL_NULL_CONVERSION = YES;
				CLANG_WARN_OBJC_IMPLICIT_RETAIN_SELF = YES;
				CLANG_WARN_OBJC_LITERAL_CONVERSION = YES;
				CLANG_WARN_OBJC_ROOT_CLASS = YES_ERROR;
				CLANG_WARN_QUOTED_INCLUDE_IN_FRAMEWORK_HEADER = YES;
				CLANG_WARN_RANGE_LOOP_ANALYSIS = YES;
				CLANG_WARN_STRICT_PROTOTYPES = YES;
				CLANG_WARN_SUSPICIOUS_MOVE = YES;
				CLANG_WARN_UNGUARDED_AVAILABILITY = YES_AGGRESSIVE;
				CLANG_WARN_UNREACHABLE_CODE = YES;
				CLANG_WARN__DUPLICATE_METHOD_MATCH = YES;
				COPY_PHASE_STRIP = NO;
				DEBUG_INFORMATION_FORMAT = dwarf;
				ENABLE_STRICT_OBJC_MSGSEND = YES;
				ENABLE_TESTABILITY = YES;
				GCC_C_LANGUAGE_STANDARD = gnu11;
				GCC_DYNAMIC_NO_PIC = NO;
				GCC_NO_COMMON_BLOCKS = YES;
				GCC_OPTIMIZATION_LEVEL = 0;
				GCC_PREPROCESSOR_DEFINITIONS = (
					"DEBUG=1",
					"$(inherited)",
				);
				GCC_WARN_64_TO_32_BIT_CONVERSION = YES;
				GCC_WARN_ABOUT_RETURN_TYPE = YES_ERROR;
				GCC_WARN_UNDECLARED_SELECTOR = YES;
				GCC_WARN_UNINITIALIZED_AUTOS = YES_AGGRESSIVE;
				GCC_WARN_UNUSED_FUNCTION = YES;
				GCC_WARN_UNUSED_VARIABLE = YES;
				IPHONEOS_DEPLOYMENT_TARGET = 14.0;
				MTL_ENABLE_DEBUG_INFO = INCLUDE_SOURCE;
				MTL_FAST_MATH = YES;
				ONLY_ACTIVE_ARCH = YES;
				SDKROOT = iphoneos;
				SWIFT_ACTIVE_COMPILATION_CONDITIONS = DEBUG;
				SWIFT_OPTIMIZATION_LEVEL = "-Onone";
			};
			name = Debug;
		};
		DEDE5D592539CF8A0028BEA4 /* Release */ = {
			isa = XCBuildConfiguration;
			buildSettings = {
				ALWAYS_SEARCH_USER_PATHS = NO;
				CLANG_ANALYZER_NONNULL = YES;
				CLANG_ANALYZER_NUMBER_OBJECT_CONVERSION = YES_AGGRESSIVE;
				CLANG_CXX_LANGUAGE_STANDARD = "gnu++14";
				CLANG_CXX_LIBRARY = "libc++";
				CLANG_ENABLE_MODULES = YES;
				CLANG_ENABLE_OBJC_ARC = YES;
				CLANG_ENABLE_OBJC_WEAK = YES;
				CLANG_WARN_BLOCK_CAPTURE_AUTORELEASING = YES;
				CLANG_WARN_BOOL_CONVERSION = YES;
				CLANG_WARN_COMMA = YES;
				CLANG_WARN_CONSTANT_CONVERSION = YES;
				CLANG_WARN_DEPRECATED_OBJC_IMPLEMENTATIONS = YES;
				CLANG_WARN_DIRECT_OBJC_ISA_USAGE = YES_ERROR;
				CLANG_WARN_DOCUMENTATION_COMMENTS = YES;
				CLANG_WARN_EMPTY_BODY = YES;
				CLANG_WARN_ENUM_CONVERSION = YES;
				CLANG_WARN_INFINITE_RECURSION = YES;
				CLANG_WARN_INT_CONVERSION = YES;
				CLANG_WARN_NON_LITERAL_NULL_CONVERSION = YES;
				CLANG_WARN_OBJC_IMPLICIT_RETAIN_SELF = YES;
				CLANG_WARN_OBJC_LITERAL_CONVERSION = YES;
				CLANG_WARN_OBJC_ROOT_CLASS = YES_ERROR;
				CLANG_WARN_QUOTED_INCLUDE_IN_FRAMEWORK_HEADER = YES;
				CLANG_WARN_RANGE_LOOP_ANALYSIS = YES;
				CLANG_WARN_STRICT_PROTOTYPES = YES;
				CLANG_WARN_SUSPICIOUS_MOVE = YES;
				CLANG_WARN_UNGUARDED_AVAILABILITY = YES_AGGRESSIVE;
				CLANG_WARN_UNREACHABLE_CODE = YES;
				CLANG_WARN__DUPLICATE_METHOD_MATCH = YES;
				COPY_PHASE_STRIP = NO;
				DEBUG_INFORMATION_FORMAT = "dwarf-with-dsym";
				ENABLE_NS_ASSERTIONS = NO;
				ENABLE_STRICT_OBJC_MSGSEND = YES;
				GCC_C_LANGUAGE_STANDARD = gnu11;
				GCC_NO_COMMON_BLOCKS = YES;
				GCC_WARN_64_TO_32_BIT_CONVERSION = YES;
				GCC_WARN_ABOUT_RETURN_TYPE = YES_ERROR;
				GCC_WARN_UNDECLARED_SELECTOR = YES;
				GCC_WARN_UNINITIALIZED_AUTOS = YES_AGGRESSIVE;
				GCC_WARN_UNUSED_FUNCTION = YES;
				GCC_WARN_UNUSED_VARIABLE = YES;
				IPHONEOS_DEPLOYMENT_TARGET = 14.0;
				MTL_ENABLE_DEBUG_INFO = NO;
				MTL_FAST_MATH = YES;
				SDKROOT = iphoneos;
				SWIFT_COMPILATION_MODE = wholemodule;
				SWIFT_OPTIMIZATION_LEVEL = "-O";
				VALIDATE_PRODUCT = YES;
			};
			name = Release;
		};
		DEDE5D5B2539CF8A0028BEA4 /* Debug */ = {
			isa = XCBuildConfiguration;
			buildSettings = {
				ASSETCATALOG_COMPILER_APPICON_NAME = AppIcon;
				ASSETCATALOG_COMPILER_GLOBAL_ACCENT_COLOR_NAME = AccentColor;
				CODE_SIGN_STYLE = Automatic;
				DEVELOPMENT_ASSET_PATHS = "\"MediaReaderUiExample/Preview Content\"";
				DEVELOPMENT_TEAM = S5BF5553KY;
				ENABLE_PREVIEWS = YES;
				INFOPLIST_FILE = MediaReaderUiExample/Info.plist;
				IPHONEOS_DEPLOYMENT_TARGET = 14.0;
				LD_RUNPATH_SEARCH_PATHS = (
					"$(inherited)",
					"@executable_path/Frameworks",
				);
				PRODUCT_BUNDLE_IDENTIFIER = com.just1factory.MediaReaderUiExample;
				PRODUCT_NAME = "$(TARGET_NAME)";
				SWIFT_VERSION = 5.0;
				TARGETED_DEVICE_FAMILY = "1,2";
			};
			name = Debug;
		};
		DEDE5D5C2539CF8A0028BEA4 /* Release */ = {
			isa = XCBuildConfiguration;
			buildSettings = {
				ASSETCATALOG_COMPILER_APPICON_NAME = AppIcon;
				ASSETCATALOG_COMPILER_GLOBAL_ACCENT_COLOR_NAME = AccentColor;
				CODE_SIGN_STYLE = Automatic;
				DEVELOPMENT_ASSET_PATHS = "\"MediaReaderUiExample/Preview Content\"";
				DEVELOPMENT_TEAM = S5BF5553KY;
				ENABLE_PREVIEWS = YES;
				INFOPLIST_FILE = MediaReaderUiExample/Info.plist;
				IPHONEOS_DEPLOYMENT_TARGET = 14.0;
				LD_RUNPATH_SEARCH_PATHS = (
					"$(inherited)",
					"@executable_path/Frameworks",
				);
				PRODUCT_BUNDLE_IDENTIFIER = com.just1factory.MediaReaderUiExample;
				PRODUCT_NAME = "$(TARGET_NAME)";
				SWIFT_VERSION = 5.0;
				TARGETED_DEVICE_FAMILY = "1,2";
			};
			name = Release;
		};
		DEDE5D5E2539CF8A0028BEA4 /* Debug */ = {
			isa = XCBuildConfiguration;
			buildSettings = {
				ALWAYS_EMBED_SWIFT_STANDARD_LIBRARIES = YES;
				BUNDLE_LOADER = "$(TEST_HOST)";
				CODE_SIGN_STYLE = Automatic;
				DEVELOPMENT_TEAM = S5BF5553KY;
				INFOPLIST_FILE = MediaReaderUiExampleTests/Info.plist;
				IPHONEOS_DEPLOYMENT_TARGET = 14.0;
				LD_RUNPATH_SEARCH_PATHS = (
					"$(inherited)",
					"@executable_path/Frameworks",
					"@loader_path/Frameworks",
				);
				PRODUCT_BUNDLE_IDENTIFIER = com.just1factory.MediaReaderUiExampleTests;
				PRODUCT_NAME = "$(TARGET_NAME)";
				SWIFT_VERSION = 5.0;
				TARGETED_DEVICE_FAMILY = "1,2";
				TEST_HOST = "$(BUILT_PRODUCTS_DIR)/MediaReaderUiExample.app/MediaReaderUiExample";
			};
			name = Debug;
		};
		DEDE5D5F2539CF8A0028BEA4 /* Release */ = {
			isa = XCBuildConfiguration;
			buildSettings = {
				ALWAYS_EMBED_SWIFT_STANDARD_LIBRARIES = YES;
				BUNDLE_LOADER = "$(TEST_HOST)";
				CODE_SIGN_STYLE = Automatic;
				DEVELOPMENT_TEAM = S5BF5553KY;
				INFOPLIST_FILE = MediaReaderUiExampleTests/Info.plist;
				IPHONEOS_DEPLOYMENT_TARGET = 14.0;
				LD_RUNPATH_SEARCH_PATHS = (
					"$(inherited)",
					"@executable_path/Frameworks",
					"@loader_path/Frameworks",
				);
				PRODUCT_BUNDLE_IDENTIFIER = com.just1factory.MediaReaderUiExampleTests;
				PRODUCT_NAME = "$(TARGET_NAME)";
				SWIFT_VERSION = 5.0;
				TARGETED_DEVICE_FAMILY = "1,2";
				TEST_HOST = "$(BUILT_PRODUCTS_DIR)/MediaReaderUiExample.app/MediaReaderUiExample";
			};
			name = Release;
		};
		DEDE5D612539CF8A0028BEA4 /* Debug */ = {
			isa = XCBuildConfiguration;
			buildSettings = {
				ALWAYS_EMBED_SWIFT_STANDARD_LIBRARIES = YES;
				CODE_SIGN_STYLE = Automatic;
				DEVELOPMENT_TEAM = S5BF5553KY;
				INFOPLIST_FILE = MediaReaderUiExampleUITests/Info.plist;
				LD_RUNPATH_SEARCH_PATHS = (
					"$(inherited)",
					"@executable_path/Frameworks",
					"@loader_path/Frameworks",
				);
				PRODUCT_BUNDLE_IDENTIFIER = com.just1factory.MediaReaderUiExampleUITests;
				PRODUCT_NAME = "$(TARGET_NAME)";
				SWIFT_VERSION = 5.0;
				TARGETED_DEVICE_FAMILY = "1,2";
				TEST_TARGET_NAME = MediaReaderUiExample;
			};
			name = Debug;
		};
		DEDE5D622539CF8A0028BEA4 /* Release */ = {
			isa = XCBuildConfiguration;
			buildSettings = {
				ALWAYS_EMBED_SWIFT_STANDARD_LIBRARIES = YES;
				CODE_SIGN_STYLE = Automatic;
				DEVELOPMENT_TEAM = S5BF5553KY;
				INFOPLIST_FILE = MediaReaderUiExampleUITests/Info.plist;
				LD_RUNPATH_SEARCH_PATHS = (
					"$(inherited)",
					"@executable_path/Frameworks",
					"@loader_path/Frameworks",
				);
				PRODUCT_BUNDLE_IDENTIFIER = com.just1factory.MediaReaderUiExampleUITests;
				PRODUCT_NAME = "$(TARGET_NAME)";
				SWIFT_VERSION = 5.0;
				TARGETED_DEVICE_FAMILY = "1,2";
				TEST_TARGET_NAME = MediaReaderUiExample;
			};
			name = Release;
		};
/* End XCBuildConfiguration section */

/* Begin XCConfigurationList section */
		DEDE5D302539CF890028BEA4 /* Build configuration list for PBXProject "MediaReaderUiExample" */ = {
			isa = XCConfigurationList;
			buildConfigurations = (
				DEDE5D582539CF8A0028BEA4 /* Debug */,
				DEDE5D592539CF8A0028BEA4 /* Release */,
			);
			defaultConfigurationIsVisible = 0;
			defaultConfigurationName = Release;
		};
		DEDE5D5A2539CF8A0028BEA4 /* Build configuration list for PBXNativeTarget "MediaReaderUiExample" */ = {
			isa = XCConfigurationList;
			buildConfigurations = (
				DEDE5D5B2539CF8A0028BEA4 /* Debug */,
				DEDE5D5C2539CF8A0028BEA4 /* Release */,
			);
			defaultConfigurationIsVisible = 0;
			defaultConfigurationName = Release;
		};
		DEDE5D5D2539CF8A0028BEA4 /* Build configuration list for PBXNativeTarget "MediaReaderUiExampleTests" */ = {
			isa = XCConfigurationList;
			buildConfigurations = (
				DEDE5D5E2539CF8A0028BEA4 /* Debug */,
				DEDE5D5F2539CF8A0028BEA4 /* Release */,
			);
			defaultConfigurationIsVisible = 0;
			defaultConfigurationName = Release;
		};
		DEDE5D602539CF8A0028BEA4 /* Build configuration list for PBXNativeTarget "MediaReaderUiExampleUITests" */ = {
			isa = XCConfigurationList;
			buildConfigurations = (
				DEDE5D612539CF8A0028BEA4 /* Debug */,
				DEDE5D622539CF8A0028BEA4 /* Release */,
			);
			defaultConfigurationIsVisible = 0;
			defaultConfigurationName = Release;
		};
/* End XCConfigurationList section */
	};
	rootObject = DEDE5D2D2539CF890028BEA4 /* Project object */;
}
