// !$*UTF8*$!
{
	archiveVersion = 1;
	classes = {
	};
	objectVersion = 50;
	objects = {

/* Begin PBXBuildFile section */
		DEB15192265395140082E632 /* AppDelegate.swift in Sources */ = {isa = PBXBuildFile; fileRef = DEB15191265395140082E632 /* AppDelegate.swift */; };
		DEB15194265395140082E632 /* SceneDelegate.swift in Sources */ = {isa = PBXBuildFile; fileRef = DEB15193265395140082E632 /* SceneDelegate.swift */; };
		DEB15196265395140082E632 /* MainViewController.swift in Sources */ = {isa = PBXBuildFile; fileRef = DEB15195265395140082E632 /* MainViewController.swift */; };
		DEB15199265395140082E632 /* MainViewController.storyboard in Resources */ = {isa = PBXBuildFile; fileRef = DEB15197265395140082E632 /* MainViewController.storyboard */; };
		DEB1519B265395150082E632 /* Assets.xcassets in Resources */ = {isa = PBXBuildFile; fileRef = DEB1519A265395150082E632 /* Assets.xcassets */; };
		DEB1519E265395150082E632 /* LaunchScreen.storyboard in Resources */ = {isa = PBXBuildFile; fileRef = DEB1519C265395150082E632 /* LaunchScreen.storyboard */; };
		DEB151A9265395150082E632 /* RxSwiftAndUiExampleTests.swift in Sources */ = {isa = PBXBuildFile; fileRef = DEB151A8265395150082E632 /* RxSwiftAndUiExampleTests.swift */; };
		DEB151B4265395150082E632 /* RxSwiftAndUiExampleUITests.swift in Sources */ = {isa = PBXBuildFile; fileRef = DEB151B3265395150082E632 /* RxSwiftAndUiExampleUITests.swift */; };
		DED4C391265A558200398C3E /* RootViewController.storyboard in Resources */ = {isa = PBXBuildFile; fileRef = DED4C38F265A558200398C3E /* RootViewController.storyboard */; };
		DED4C393265A563600398C3E /* RootViewController.swift in Sources */ = {isa = PBXBuildFile; fileRef = DED4C392265A563600398C3E /* RootViewController.swift */; };
		DED4C395265A5F5600398C3E /* CustomViewBase.swift in Sources */ = {isa = PBXBuildFile; fileRef = DED4C394265A5F5600398C3E /* CustomViewBase.swift */; };
		DEFCBAEE265AA02C00CE3F97 /* NSObjectProtocolExtension.swift in Sources */ = {isa = PBXBuildFile; fileRef = DEFCBAED265AA02C00CE3F97 /* NSObjectProtocolExtension.swift */; };
		DEFCBAF0265AA04F00CE3F97 /* UICollectionViewExtension.swift in Sources */ = {isa = PBXBuildFile; fileRef = DEFCBAEF265AA04F00CE3F97 /* UICollectionViewExtension.swift */; };
		DEFCBAF2265AA06D00CE3F97 /* UIColorExtension.swift in Sources */ = {isa = PBXBuildFile; fileRef = DEFCBAF1265AA06D00CE3F97 /* UIColorExtension.swift */; };
		DEFCBAF4265AA0A700CE3F97 /* UIViewControllerExtension.swift in Sources */ = {isa = PBXBuildFile; fileRef = DEFCBAF3265AA0A700CE3F97 /* UIViewControllerExtension.swift */; };
/* End PBXBuildFile section */

/* Begin PBXContainerItemProxy section */
		DEB151A5265395150082E632 /* PBXContainerItemProxy */ = {
			isa = PBXContainerItemProxy;
			containerPortal = DEB15186265395140082E632 /* Project object */;
			proxyType = 1;
			remoteGlobalIDString = DEB1518D265395140082E632;
			remoteInfo = RxSwiftAndUiExample;
		};
		DEB151B0265395150082E632 /* PBXContainerItemProxy */ = {
			isa = PBXContainerItemProxy;
			containerPortal = DEB15186265395140082E632 /* Project object */;
			proxyType = 1;
			remoteGlobalIDString = DEB1518D265395140082E632;
			remoteInfo = RxSwiftAndUiExample;
		};
/* End PBXContainerItemProxy section */

/* Begin PBXFileReference section */
		DEB1518E265395140082E632 /* RxSwiftAndUiExample.app */ = {isa = PBXFileReference; explicitFileType = wrapper.application; includeInIndex = 0; path = RxSwiftAndUiExample.app; sourceTree = BUILT_PRODUCTS_DIR; };
		DEB15191265395140082E632 /* AppDelegate.swift */ = {isa = PBXFileReference; lastKnownFileType = sourcecode.swift; path = AppDelegate.swift; sourceTree = "<group>"; };
		DEB15193265395140082E632 /* SceneDelegate.swift */ = {isa = PBXFileReference; lastKnownFileType = sourcecode.swift; path = SceneDelegate.swift; sourceTree = "<group>"; };
		DEB15195265395140082E632 /* MainViewController.swift */ = {isa = PBXFileReference; lastKnownFileType = sourcecode.swift; path = MainViewController.swift; sourceTree = "<group>"; };
		DEB15198265395140082E632 /* Base */ = {isa = PBXFileReference; lastKnownFileType = file.storyboard; name = Base; path = Base.lproj/MainViewController.storyboard; sourceTree = "<group>"; };
		DEB1519A265395150082E632 /* Assets.xcassets */ = {isa = PBXFileReference; lastKnownFileType = folder.assetcatalog; path = Assets.xcassets; sourceTree = "<group>"; };
		DEB1519D265395150082E632 /* Base */ = {isa = PBXFileReference; lastKnownFileType = file.storyboard; name = Base; path = Base.lproj/LaunchScreen.storyboard; sourceTree = "<group>"; };
		DEB1519F265395150082E632 /* Info.plist */ = {isa = PBXFileReference; lastKnownFileType = text.plist.xml; path = Info.plist; sourceTree = "<group>"; };
		DEB151A4265395150082E632 /* RxSwiftAndUiExampleTests.xctest */ = {isa = PBXFileReference; explicitFileType = wrapper.cfbundle; includeInIndex = 0; path = RxSwiftAndUiExampleTests.xctest; sourceTree = BUILT_PRODUCTS_DIR; };
		DEB151A8265395150082E632 /* RxSwiftAndUiExampleTests.swift */ = {isa = PBXFileReference; lastKnownFileType = sourcecode.swift; path = RxSwiftAndUiExampleTests.swift; sourceTree = "<group>"; };
		DEB151AA265395150082E632 /* Info.plist */ = {isa = PBXFileReference; lastKnownFileType = text.plist.xml; path = Info.plist; sourceTree = "<group>"; };
		DEB151AF265395150082E632 /* RxSwiftAndUiExampleUITests.xctest */ = {isa = PBXFileReference; explicitFileType = wrapper.cfbundle; includeInIndex = 0; path = RxSwiftAndUiExampleUITests.xctest; sourceTree = BUILT_PRODUCTS_DIR; };
		DEB151B3265395150082E632 /* RxSwiftAndUiExampleUITests.swift */ = {isa = PBXFileReference; lastKnownFileType = sourcecode.swift; path = RxSwiftAndUiExampleUITests.swift; sourceTree = "<group>"; };
		DEB151B5265395150082E632 /* Info.plist */ = {isa = PBXFileReference; lastKnownFileType = text.plist.xml; path = Info.plist; sourceTree = "<group>"; };
		DED4C390265A558200398C3E /* Base */ = {isa = PBXFileReference; lastKnownFileType = file.storyboard; name = Base; path = Base.lproj/RootViewController.storyboard; sourceTree = "<group>"; };
		DED4C392265A563600398C3E /* RootViewController.swift */ = {isa = PBXFileReference; lastKnownFileType = sourcecode.swift; path = RootViewController.swift; sourceTree = "<group>"; };
		DED4C394265A5F5600398C3E /* CustomViewBase.swift */ = {isa = PBXFileReference; lastKnownFileType = sourcecode.swift; path = CustomViewBase.swift; sourceTree = "<group>"; };
		DEFCBAED265AA02C00CE3F97 /* NSObjectProtocolExtension.swift */ = {isa = PBXFileReference; lastKnownFileType = sourcecode.swift; path = NSObjectProtocolExtension.swift; sourceTree = "<group>"; };
		DEFCBAEF265AA04F00CE3F97 /* UICollectionViewExtension.swift */ = {isa = PBXFileReference; lastKnownFileType = sourcecode.swift; path = UICollectionViewExtension.swift; sourceTree = "<group>"; };
		DEFCBAF1265AA06D00CE3F97 /* UIColorExtension.swift */ = {isa = PBXFileReference; lastKnownFileType = sourcecode.swift; path = UIColorExtension.swift; sourceTree = "<group>"; };
		DEFCBAF3265AA0A700CE3F97 /* UIViewControllerExtension.swift */ = {isa = PBXFileReference; lastKnownFileType = sourcecode.swift; path = UIViewControllerExtension.swift; sourceTree = "<group>"; };
/* End PBXFileReference section */

/* Begin PBXFrameworksBuildPhase section */
		DEB1518B265395140082E632 /* Frameworks */ = {
			isa = PBXFrameworksBuildPhase;
			buildActionMask = 2147483647;
			files = (
			);
			runOnlyForDeploymentPostprocessing = 0;
		};
		DEB151A1265395150082E632 /* Frameworks */ = {
			isa = PBXFrameworksBuildPhase;
			buildActionMask = 2147483647;
			files = (
			);
			runOnlyForDeploymentPostprocessing = 0;
		};
		DEB151AC265395150082E632 /* Frameworks */ = {
			isa = PBXFrameworksBuildPhase;
			buildActionMask = 2147483647;
			files = (
			);
			runOnlyForDeploymentPostprocessing = 0;
		};
/* End PBXFrameworksBuildPhase section */

/* Begin PBXGroup section */
		DEB15185265395140082E632 = {
			isa = PBXGroup;
			children = (
				DEB15190265395140082E632 /* RxSwiftAndUiExample */,
				DEB151A7265395150082E632 /* RxSwiftAndUiExampleTests */,
				DEB151B2265395150082E632 /* RxSwiftAndUiExampleUITests */,
				DEB1518F265395140082E632 /* Products */,
			);
			sourceTree = "<group>";
		};
		DEB1518F265395140082E632 /* Products */ = {
			isa = PBXGroup;
			children = (
				DEB1518E265395140082E632 /* RxSwiftAndUiExample.app */,
				DEB151A4265395150082E632 /* RxSwiftAndUiExampleTests.xctest */,
				DEB151AF265395150082E632 /* RxSwiftAndUiExampleUITests.xctest */,
			);
			name = Products;
			sourceTree = "<group>";
		};
		DEB15190265395140082E632 /* RxSwiftAndUiExample */ = {
			isa = PBXGroup;
			children = (
				DEB1519F265395150082E632 /* Info.plist */,
				DEB15191265395140082E632 /* AppDelegate.swift */,
				DEB15193265395140082E632 /* SceneDelegate.swift */,
				DEB1519C265395150082E632 /* LaunchScreen.storyboard */,
				DEB1519A265395150082E632 /* Assets.xcassets */,
				DED4C38B2659408E00398C3E /* Extension */,
				DED4C3862659405F00398C3E /* LayoutClass */,
				DED4C3872659406800398C3E /* Model */,
				DED4C38C265940A900398C3E /* Modules */,
				DED4C3882659406E00398C3E /* Presenter */,
				DED4C3852659405600398C3E /* Storyboard */,
				DED4C38A2659408400398C3E /* Transition */,
				DED4C38E265940C200398C3E /* View */,
				DED4C38D265940BA00398C3E /* ViewController */,
				DED4C3892659407900398C3E /* ViewObject */,
			);
			path = RxSwiftAndUiExample;
			sourceTree = "<group>";
		};
		DEB151A7265395150082E632 /* RxSwiftAndUiExampleTests */ = {
			isa = PBXGroup;
			children = (
				DEB151A8265395150082E632 /* RxSwiftAndUiExampleTests.swift */,
				DEB151AA265395150082E632 /* Info.plist */,
			);
			path = RxSwiftAndUiExampleTests;
			sourceTree = "<group>";
		};
		DEB151B2265395150082E632 /* RxSwiftAndUiExampleUITests */ = {
			isa = PBXGroup;
			children = (
				DEB151B3265395150082E632 /* RxSwiftAndUiExampleUITests.swift */,
				DEB151B5265395150082E632 /* Info.plist */,
			);
			path = RxSwiftAndUiExampleUITests;
			sourceTree = "<group>";
		};
		DED4C3852659405600398C3E /* Storyboard */ = {
			isa = PBXGroup;
			children = (
				DEB15197265395140082E632 /* MainViewController.storyboard */,
				DED4C38F265A558200398C3E /* RootViewController.storyboard */,
			);
			path = Storyboard;
			sourceTree = "<group>";
		};
		DED4C3862659405F00398C3E /* LayoutClass */ = {
			isa = PBXGroup;
			children = (
			);
			path = LayoutClass;
			sourceTree = "<group>";
		};
		DED4C3872659406800398C3E /* Model */ = {
			isa = PBXGroup;
			children = (
			);
			path = Model;
			sourceTree = "<group>";
		};
		DED4C3882659406E00398C3E /* Presenter */ = {
			isa = PBXGroup;
			children = (
			);
			path = Presenter;
			sourceTree = "<group>";
		};
		DED4C3892659407900398C3E /* ViewObject */ = {
			isa = PBXGroup;
			children = (
			);
			path = ViewObject;
			sourceTree = "<group>";
		};
		DED4C38A2659408400398C3E /* Transition */ = {
			isa = PBXGroup;
			children = (
			);
			path = Transition;
			sourceTree = "<group>";
		};
		DED4C38B2659408E00398C3E /* Extension */ = {
			isa = PBXGroup;
			children = (
				DEFCBAED265AA02C00CE3F97 /* NSObjectProtocolExtension.swift */,
				DEFCBAEF265AA04F00CE3F97 /* UICollectionViewExtension.swift */,
				DEFCBAF1265AA06D00CE3F97 /* UIColorExtension.swift */,
				DEFCBAF3265AA0A700CE3F97 /* UIViewControllerExtension.swift */,
			);
			path = Extension;
			sourceTree = "<group>";
		};
		DED4C38C265940A900398C3E /* Modules */ = {
			isa = PBXGroup;
			children = (
			);
			path = Modules;
			sourceTree = "<group>";
		};
		DED4C38D265940BA00398C3E /* ViewController */ = {
			isa = PBXGroup;
			children = (
				DEB15195265395140082E632 /* MainViewController.swift */,
				DED4C392265A563600398C3E /* RootViewController.swift */,
			);
			path = ViewController;
			sourceTree = "<group>";
		};
		DED4C38E265940C200398C3E /* View */ = {
			isa = PBXGroup;
			children = (
				DED4C394265A5F5600398C3E /* CustomViewBase.swift */,
			);
			path = View;
			sourceTree = "<group>";
		};
/* End PBXGroup section */

/* Begin PBXNativeTarget section */
		DEB1518D265395140082E632 /* RxSwiftAndUiExample */ = {
			isa = PBXNativeTarget;
			buildConfigurationList = DEB151B8265395150082E632 /* Build configuration list for PBXNativeTarget "RxSwiftAndUiExample" */;
			buildPhases = (
				DEB1518A265395140082E632 /* Sources */,
				DEB1518B265395140082E632 /* Frameworks */,
				DEB1518C265395140082E632 /* Resources */,
			);
			buildRules = (
			);
			dependencies = (
			);
			name = RxSwiftAndUiExample;
			productName = RxSwiftAndUiExample;
			productReference = DEB1518E265395140082E632 /* RxSwiftAndUiExample.app */;
			productType = "com.apple.product-type.application";
		};
		DEB151A3265395150082E632 /* RxSwiftAndUiExampleTests */ = {
			isa = PBXNativeTarget;
			buildConfigurationList = DEB151BB265395150082E632 /* Build configuration list for PBXNativeTarget "RxSwiftAndUiExampleTests" */;
			buildPhases = (
				DEB151A0265395150082E632 /* Sources */,
				DEB151A1265395150082E632 /* Frameworks */,
				DEB151A2265395150082E632 /* Resources */,
			);
			buildRules = (
			);
			dependencies = (
				DEB151A6265395150082E632 /* PBXTargetDependency */,
			);
			name = RxSwiftAndUiExampleTests;
			productName = RxSwiftAndUiExampleTests;
			productReference = DEB151A4265395150082E632 /* RxSwiftAndUiExampleTests.xctest */;
			productType = "com.apple.product-type.bundle.unit-test";
		};
		DEB151AE265395150082E632 /* RxSwiftAndUiExampleUITests */ = {
			isa = PBXNativeTarget;
			buildConfigurationList = DEB151BE265395150082E632 /* Build configuration list for PBXNativeTarget "RxSwiftAndUiExampleUITests" */;
			buildPhases = (
				DEB151AB265395150082E632 /* Sources */,
				DEB151AC265395150082E632 /* Frameworks */,
				DEB151AD265395150082E632 /* Resources */,
			);
			buildRules = (
			);
			dependencies = (
				DEB151B1265395150082E632 /* PBXTargetDependency */,
			);
			name = RxSwiftAndUiExampleUITests;
			productName = RxSwiftAndUiExampleUITests;
			productReference = DEB151AF265395150082E632 /* RxSwiftAndUiExampleUITests.xctest */;
			productType = "com.apple.product-type.bundle.ui-testing";
		};
/* End PBXNativeTarget section */

/* Begin PBXProject section */
		DEB15186265395140082E632 /* Project object */ = {
			isa = PBXProject;
			attributes = {
				LastSwiftUpdateCheck = 1250;
				LastUpgradeCheck = 1250;
				TargetAttributes = {
					DEB1518D265395140082E632 = {
						CreatedOnToolsVersion = 12.5;
					};
					DEB151A3265395150082E632 = {
						CreatedOnToolsVersion = 12.5;
						TestTargetID = DEB1518D265395140082E632;
					};
					DEB151AE265395150082E632 = {
						CreatedOnToolsVersion = 12.5;
						TestTargetID = DEB1518D265395140082E632;
					};
				};
			};
			buildConfigurationList = DEB15189265395140082E632 /* Build configuration list for PBXProject "RxSwiftAndUiExample" */;
			compatibilityVersion = "Xcode 9.3";
			developmentRegion = en;
			hasScannedForEncodings = 0;
			knownRegions = (
				en,
				Base,
			);
			mainGroup = DEB15185265395140082E632;
			productRefGroup = DEB1518F265395140082E632 /* Products */;
			projectDirPath = "";
			projectRoot = "";
			targets = (
				DEB1518D265395140082E632 /* RxSwiftAndUiExample */,
				DEB151A3265395150082E632 /* RxSwiftAndUiExampleTests */,
				DEB151AE265395150082E632 /* RxSwiftAndUiExampleUITests */,
			);
		};
/* End PBXProject section */

/* Begin PBXResourcesBuildPhase section */
		DEB1518C265395140082E632 /* Resources */ = {
			isa = PBXResourcesBuildPhase;
			buildActionMask = 2147483647;
			files = (
				DEB1519E265395150082E632 /* LaunchScreen.storyboard in Resources */,
				DEB1519B265395150082E632 /* Assets.xcassets in Resources */,
				DEB15199265395140082E632 /* MainViewController.storyboard in Resources */,
				DED4C391265A558200398C3E /* RootViewController.storyboard in Resources */,
			);
			runOnlyForDeploymentPostprocessing = 0;
		};
		DEB151A2265395150082E632 /* Resources */ = {
			isa = PBXResourcesBuildPhase;
			buildActionMask = 2147483647;
			files = (
			);
			runOnlyForDeploymentPostprocessing = 0;
		};
		DEB151AD265395150082E632 /* Resources */ = {
			isa = PBXResourcesBuildPhase;
			buildActionMask = 2147483647;
			files = (
			);
			runOnlyForDeploymentPostprocessing = 0;
		};
/* End PBXResourcesBuildPhase section */

/* Begin PBXSourcesBuildPhase section */
		DEB1518A265395140082E632 /* Sources */ = {
			isa = PBXSourcesBuildPhase;
			buildActionMask = 2147483647;
			files = (
				DED4C395265A5F5600398C3E /* CustomViewBase.swift in Sources */,
				DEB15196265395140082E632 /* MainViewController.swift in Sources */,
				DEFCBAF4265AA0A700CE3F97 /* UIViewControllerExtension.swift in Sources */,
				DEFCBAF0265AA04F00CE3F97 /* UICollectionViewExtension.swift in Sources */,
				DEFCBAF2265AA06D00CE3F97 /* UIColorExtension.swift in Sources */,
				DEB15192265395140082E632 /* AppDelegate.swift in Sources */,
				DEFCBAEE265AA02C00CE3F97 /* NSObjectProtocolExtension.swift in Sources */,
				DED4C393265A563600398C3E /* RootViewController.swift in Sources */,
				DEB15194265395140082E632 /* SceneDelegate.swift in Sources */,
			);
			runOnlyForDeploymentPostprocessing = 0;
		};
		DEB151A0265395150082E632 /* Sources */ = {
			isa = PBXSourcesBuildPhase;
			buildActionMask = 2147483647;
			files = (
				DEB151A9265395150082E632 /* RxSwiftAndUiExampleTests.swift in Sources */,
			);
			runOnlyForDeploymentPostprocessing = 0;
		};
		DEB151AB265395150082E632 /* Sources */ = {
			isa = PBXSourcesBuildPhase;
			buildActionMask = 2147483647;
			files = (
				DEB151B4265395150082E632 /* RxSwiftAndUiExampleUITests.swift in Sources */,
			);
			runOnlyForDeploymentPostprocessing = 0;
		};
/* End PBXSourcesBuildPhase section */

/* Begin PBXTargetDependency section */
		DEB151A6265395150082E632 /* PBXTargetDependency */ = {
			isa = PBXTargetDependency;
			target = DEB1518D265395140082E632 /* RxSwiftAndUiExample */;
			targetProxy = DEB151A5265395150082E632 /* PBXContainerItemProxy */;
		};
		DEB151B1265395150082E632 /* PBXTargetDependency */ = {
			isa = PBXTargetDependency;
			target = DEB1518D265395140082E632 /* RxSwiftAndUiExample */;
			targetProxy = DEB151B0265395150082E632 /* PBXContainerItemProxy */;
		};
/* End PBXTargetDependency section */

/* Begin PBXVariantGroup section */
		DEB15197265395140082E632 /* MainViewController.storyboard */ = {
			isa = PBXVariantGroup;
			children = (
				DEB15198265395140082E632 /* Base */,
			);
			name = MainViewController.storyboard;
			sourceTree = "<group>";
		};
		DEB1519C265395150082E632 /* LaunchScreen.storyboard */ = {
			isa = PBXVariantGroup;
			children = (
				DEB1519D265395150082E632 /* Base */,
			);
			name = LaunchScreen.storyboard;
			sourceTree = "<group>";
		};
		DED4C38F265A558200398C3E /* RootViewController.storyboard */ = {
			isa = PBXVariantGroup;
			children = (
				DED4C390265A558200398C3E /* Base */,
			);
			name = RootViewController.storyboard;
			sourceTree = "<group>";
		};
/* End PBXVariantGroup section */

/* Begin XCBuildConfiguration section */
		DEB151B6265395150082E632 /* Debug */ = {
			isa = XCBuildConfiguration;
			buildSettings = {
				ALWAYS_SEARCH_USER_PATHS = NO;
				CLANG_ANALYZER_NONNULL = YES;
				CLANG_ANALYZER_NUMBER_OBJECT_CONVERSION = YES_AGGRESSIVE;
				CLANG_CXX_LANGUAGE_STANDARD = "gnu++14";
				CLANG_CXX_LIBRARY = "libc++";
				CLANG_ENABLE_MODULES = YES;
				CLANG_ENABLE_OBJC_ARC = YES;
				CLANG_ENABLE_OBJC_WEAK = YES;
				CLANG_WARN_BLOCK_CAPTURE_AUTORELEASING = YES;
				CLANG_WARN_BOOL_CONVERSION = YES;
				CLANG_WARN_COMMA = YES;
				CLANG_WARN_CONSTANT_CONVERSION = YES;
				CLANG_WARN_DEPRECATED_OBJC_IMPLEMENTATIONS = YES;
				CLANG_WARN_DIRECT_OBJC_ISA_USAGE = YES_ERROR;
				CLANG_WARN_DOCUMENTATION_COMMENTS = YES;
				CLANG_WARN_EMPTY_BODY = YES;
				CLANG_WARN_ENUM_CONVERSION = YES;
				CLANG_WARN_INFINITE_RECURSION = YES;
				CLANG_WARN_INT_CONVERSION = YES;
				CLANG_WARN_NON_LITERAL_NULL_CONVERSION = YES;
				CLANG_WARN_OBJC_IMPLICIT_RETAIN_SELF = YES;
				CLANG_WARN_OBJC_LITERAL_CONVERSION = YES;
				CLANG_WARN_OBJC_ROOT_CLASS = YES_ERROR;
				CLANG_WARN_QUOTED_INCLUDE_IN_FRAMEWORK_HEADER = YES;
				CLANG_WARN_RANGE_LOOP_ANALYSIS = YES;
				CLANG_WARN_STRICT_PROTOTYPES = YES;
				CLANG_WARN_SUSPICIOUS_MOVE = YES;
				CLANG_WARN_UNGUARDED_AVAILABILITY = YES_AGGRESSIVE;
				CLANG_WARN_UNREACHABLE_CODE = YES;
				CLANG_WARN__DUPLICATE_METHOD_MATCH = YES;
				COPY_PHASE_STRIP = NO;
				DEBUG_INFORMATION_FORMAT = dwarf;
				ENABLE_STRICT_OBJC_MSGSEND = YES;
				ENABLE_TESTABILITY = YES;
				GCC_C_LANGUAGE_STANDARD = gnu11;
				GCC_DYNAMIC_NO_PIC = NO;
				GCC_NO_COMMON_BLOCKS = YES;
				GCC_OPTIMIZATION_LEVEL = 0;
				GCC_PREPROCESSOR_DEFINITIONS = (
					"DEBUG=1",
					"$(inherited)",
				);
				GCC_WARN_64_TO_32_BIT_CONVERSION = YES;
				GCC_WARN_ABOUT_RETURN_TYPE = YES_ERROR;
				GCC_WARN_UNDECLARED_SELECTOR = YES;
				GCC_WARN_UNINITIALIZED_AUTOS = YES_AGGRESSIVE;
				GCC_WARN_UNUSED_FUNCTION = YES;
				GCC_WARN_UNUSED_VARIABLE = YES;
				IPHONEOS_DEPLOYMENT_TARGET = 14.5;
				MTL_ENABLE_DEBUG_INFO = INCLUDE_SOURCE;
				MTL_FAST_MATH = YES;
				ONLY_ACTIVE_ARCH = YES;
				SDKROOT = iphoneos;
				SWIFT_ACTIVE_COMPILATION_CONDITIONS = DEBUG;
				SWIFT_OPTIMIZATION_LEVEL = "-Onone";
			};
			name = Debug;
		};
		DEB151B7265395150082E632 /* Release */ = {
			isa = XCBuildConfiguration;
			buildSettings = {
				ALWAYS_SEARCH_USER_PATHS = NO;
				CLANG_ANALYZER_NONNULL = YES;
				CLANG_ANALYZER_NUMBER_OBJECT_CONVERSION = YES_AGGRESSIVE;
				CLANG_CXX_LANGUAGE_STANDARD = "gnu++14";
				CLANG_CXX_LIBRARY = "libc++";
				CLANG_ENABLE_MODULES = YES;
				CLANG_ENABLE_OBJC_ARC = YES;
				CLANG_ENABLE_OBJC_WEAK = YES;
				CLANG_WARN_BLOCK_CAPTURE_AUTORELEASING = YES;
				CLANG_WARN_BOOL_CONVERSION = YES;
				CLANG_WARN_COMMA = YES;
				CLANG_WARN_CONSTANT_CONVERSION = YES;
				CLANG_WARN_DEPRECATED_OBJC_IMPLEMENTATIONS = YES;
				CLANG_WARN_DIRECT_OBJC_ISA_USAGE = YES_ERROR;
				CLANG_WARN_DOCUMENTATION_COMMENTS = YES;
				CLANG_WARN_EMPTY_BODY = YES;
				CLANG_WARN_ENUM_CONVERSION = YES;
				CLANG_WARN_INFINITE_RECURSION = YES;
				CLANG_WARN_INT_CONVERSION = YES;
				CLANG_WARN_NON_LITERAL_NULL_CONVERSION = YES;
				CLANG_WARN_OBJC_IMPLICIT_RETAIN_SELF = YES;
				CLANG_WARN_OBJC_LITERAL_CONVERSION = YES;
				CLANG_WARN_OBJC_ROOT_CLASS = YES_ERROR;
				CLANG_WARN_QUOTED_INCLUDE_IN_FRAMEWORK_HEADER = YES;
				CLANG_WARN_RANGE_LOOP_ANALYSIS = YES;
				CLANG_WARN_STRICT_PROTOTYPES = YES;
				CLANG_WARN_SUSPICIOUS_MOVE = YES;
				CLANG_WARN_UNGUARDED_AVAILABILITY = YES_AGGRESSIVE;
				CLANG_WARN_UNREACHABLE_CODE = YES;
				CLANG_WARN__DUPLICATE_METHOD_MATCH = YES;
				COPY_PHASE_STRIP = NO;
				DEBUG_INFORMATION_FORMAT = "dwarf-with-dsym";
				ENABLE_NS_ASSERTIONS = NO;
				ENABLE_STRICT_OBJC_MSGSEND = YES;
				GCC_C_LANGUAGE_STANDARD = gnu11;
				GCC_NO_COMMON_BLOCKS = YES;
				GCC_WARN_64_TO_32_BIT_CONVERSION = YES;
				GCC_WARN_ABOUT_RETURN_TYPE = YES_ERROR;
				GCC_WARN_UNDECLARED_SELECTOR = YES;
				GCC_WARN_UNINITIALIZED_AUTOS = YES_AGGRESSIVE;
				GCC_WARN_UNUSED_FUNCTION = YES;
				GCC_WARN_UNUSED_VARIABLE = YES;
				IPHONEOS_DEPLOYMENT_TARGET = 14.5;
				MTL_ENABLE_DEBUG_INFO = NO;
				MTL_FAST_MATH = YES;
				SDKROOT = iphoneos;
				SWIFT_COMPILATION_MODE = wholemodule;
				SWIFT_OPTIMIZATION_LEVEL = "-O";
				VALIDATE_PRODUCT = YES;
			};
			name = Release;
		};
		DEB151B9265395150082E632 /* Debug */ = {
			isa = XCBuildConfiguration;
			buildSettings = {
				ASSETCATALOG_COMPILER_APPICON_NAME = AppIcon;
				ASSETCATALOG_COMPILER_GLOBAL_ACCENT_COLOR_NAME = AccentColor;
				CODE_SIGN_STYLE = Automatic;
				DEVELOPMENT_TEAM = S5BF5553KY;
				INFOPLIST_FILE = RxSwiftAndUiExample/Info.plist;
				LD_RUNPATH_SEARCH_PATHS = (
					"$(inherited)",
					"@executable_path/Frameworks",
				);
				PRODUCT_BUNDLE_IDENTIFIER = com.just1factory.RxSwiftAndUiExample;
				PRODUCT_NAME = "$(TARGET_NAME)";
				SWIFT_VERSION = 5.0;
				TARGETED_DEVICE_FAMILY = "1,2";
			};
			name = Debug;
		};
		DEB151BA265395150082E632 /* Release */ = {
			isa = XCBuildConfiguration;
			buildSettings = {
				ASSETCATALOG_COMPILER_APPICON_NAME = AppIcon;
				ASSETCATALOG_COMPILER_GLOBAL_ACCENT_COLOR_NAME = AccentColor;
				CODE_SIGN_STYLE = Automatic;
				DEVELOPMENT_TEAM = S5BF5553KY;
				INFOPLIST_FILE = RxSwiftAndUiExample/Info.plist;
				LD_RUNPATH_SEARCH_PATHS = (
					"$(inherited)",
					"@executable_path/Frameworks",
				);
				PRODUCT_BUNDLE_IDENTIFIER = com.just1factory.RxSwiftAndUiExample;
				PRODUCT_NAME = "$(TARGET_NAME)";
				SWIFT_VERSION = 5.0;
				TARGETED_DEVICE_FAMILY = "1,2";
			};
			name = Release;
		};
		DEB151BC265395150082E632 /* Debug */ = {
			isa = XCBuildConfiguration;
			buildSettings = {
				ALWAYS_EMBED_SWIFT_STANDARD_LIBRARIES = YES;
				BUNDLE_LOADER = "$(TEST_HOST)";
				CODE_SIGN_STYLE = Automatic;
				DEVELOPMENT_TEAM = S5BF5553KY;
				INFOPLIST_FILE = RxSwiftAndUiExampleTests/Info.plist;
				IPHONEOS_DEPLOYMENT_TARGET = 14.5;
				LD_RUNPATH_SEARCH_PATHS = (
					"$(inherited)",
					"@executable_path/Frameworks",
					"@loader_path/Frameworks",
				);
				PRODUCT_BUNDLE_IDENTIFIER = com.just1factory.RxSwiftAndUiExampleTests;
				PRODUCT_NAME = "$(TARGET_NAME)";
				SWIFT_VERSION = 5.0;
				TARGETED_DEVICE_FAMILY = "1,2";
				TEST_HOST = "$(BUILT_PRODUCTS_DIR)/RxSwiftAndUiExample.app/RxSwiftAndUiExample";
			};
			name = Debug;
		};
		DEB151BD265395150082E632 /* Release */ = {
			isa = XCBuildConfiguration;
			buildSettings = {
				ALWAYS_EMBED_SWIFT_STANDARD_LIBRARIES = YES;
				BUNDLE_LOADER = "$(TEST_HOST)";
				CODE_SIGN_STYLE = Automatic;
				DEVELOPMENT_TEAM = S5BF5553KY;
				INFOPLIST_FILE = RxSwiftAndUiExampleTests/Info.plist;
				IPHONEOS_DEPLOYMENT_TARGET = 14.5;
				LD_RUNPATH_SEARCH_PATHS = (
					"$(inherited)",
					"@executable_path/Frameworks",
					"@loader_path/Frameworks",
				);
				PRODUCT_BUNDLE_IDENTIFIER = com.just1factory.RxSwiftAndUiExampleTests;
				PRODUCT_NAME = "$(TARGET_NAME)";
				SWIFT_VERSION = 5.0;
				TARGETED_DEVICE_FAMILY = "1,2";
				TEST_HOST = "$(BUILT_PRODUCTS_DIR)/RxSwiftAndUiExample.app/RxSwiftAndUiExample";
			};
			name = Release;
		};
		DEB151BF265395150082E632 /* Debug */ = {
			isa = XCBuildConfiguration;
			buildSettings = {
				ALWAYS_EMBED_SWIFT_STANDARD_LIBRARIES = YES;
				CODE_SIGN_STYLE = Automatic;
				DEVELOPMENT_TEAM = S5BF5553KY;
				INFOPLIST_FILE = RxSwiftAndUiExampleUITests/Info.plist;
				LD_RUNPATH_SEARCH_PATHS = (
					"$(inherited)",
					"@executable_path/Frameworks",
					"@loader_path/Frameworks",
				);
				PRODUCT_BUNDLE_IDENTIFIER = com.just1factory.RxSwiftAndUiExampleUITests;
				PRODUCT_NAME = "$(TARGET_NAME)";
				SWIFT_VERSION = 5.0;
				TARGETED_DEVICE_FAMILY = "1,2";
				TEST_TARGET_NAME = RxSwiftAndUiExample;
			};
			name = Debug;
		};
		DEB151C0265395150082E632 /* Release */ = {
			isa = XCBuildConfiguration;
			buildSettings = {
				ALWAYS_EMBED_SWIFT_STANDARD_LIBRARIES = YES;
				CODE_SIGN_STYLE = Automatic;
				DEVELOPMENT_TEAM = S5BF5553KY;
				INFOPLIST_FILE = RxSwiftAndUiExampleUITests/Info.plist;
				LD_RUNPATH_SEARCH_PATHS = (
					"$(inherited)",
					"@executable_path/Frameworks",
					"@loader_path/Frameworks",
				);
				PRODUCT_BUNDLE_IDENTIFIER = com.just1factory.RxSwiftAndUiExampleUITests;
				PRODUCT_NAME = "$(TARGET_NAME)";
				SWIFT_VERSION = 5.0;
				TARGETED_DEVICE_FAMILY = "1,2";
				TEST_TARGET_NAME = RxSwiftAndUiExample;
			};
			name = Release;
		};
/* End XCBuildConfiguration section */

/* Begin XCConfigurationList section */
		DEB15189265395140082E632 /* Build configuration list for PBXProject "RxSwiftAndUiExample" */ = {
			isa = XCConfigurationList;
			buildConfigurations = (
				DEB151B6265395150082E632 /* Debug */,
				DEB151B7265395150082E632 /* Release */,
			);
			defaultConfigurationIsVisible = 0;
			defaultConfigurationName = Release;
		};
		DEB151B8265395150082E632 /* Build configuration list for PBXNativeTarget "RxSwiftAndUiExample" */ = {
			isa = XCConfigurationList;
			buildConfigurations = (
				DEB151B9265395150082E632 /* Debug */,
				DEB151BA265395150082E632 /* Release */,
			);
			defaultConfigurationIsVisible = 0;
			defaultConfigurationName = Release;
		};
		DEB151BB265395150082E632 /* Build configuration list for PBXNativeTarget "RxSwiftAndUiExampleTests" */ = {
			isa = XCConfigurationList;
			buildConfigurations = (
				DEB151BC265395150082E632 /* Debug */,
				DEB151BD265395150082E632 /* Release */,
			);
			defaultConfigurationIsVisible = 0;
			defaultConfigurationName = Release;
		};
		DEB151BE265395150082E632 /* Build configuration list for PBXNativeTarget "RxSwiftAndUiExampleUITests" */ = {
			isa = XCConfigurationList;
			buildConfigurations = (
				DEB151BF265395150082E632 /* Debug */,
				DEB151C0265395150082E632 /* Release */,
			);
			defaultConfigurationIsVisible = 0;
			defaultConfigurationName = Release;
		};
/* End XCConfigurationList section */
	};
	rootObject = DEB15186265395140082E632 /* Project object */;
}
