PODS:
  - BouncyLayout (2.3.0)
  - KeychainAccess (4.2.1)
  - Kingfisher (6.0.0)
  - Panels (2.1.0)
  - ParallaxHeader (3.0.0)
  - Realm (10.5.0):
    - Realm/Headers (= 10.5.0)
  - Realm/Headers (10.5.0)
  - RealmSwift (10.5.0):
    - Realm (= 10.5.0)
  - RxCocoa (6.0.0):
    - RxRelay (= 6.0.0)
    - RxSwift (= 6.0.0)
  - RxRelay (6.0.0):
    - RxSwift (= 6.0.0)
  - RxSwift (6.0.0)
  - YNDropDownMenu (3.1.0)

DEPENDENCIES:
  - BouncyLayout
  - KeychainAccess
  - Kingfisher
  - Panels
  - ParallaxHeader (~> 3.0.0)
  - RealmSwift
  - RxCocoa
  - RxSwift
  - YNDropDownMenu

SPEC REPOS:
  trunk:
    - BouncyLayout
    - KeychainAccess
    - Kingfisher
    - Panels
    - ParallaxHeader
    - Realm
    - RealmSwift
    - RxCocoa
    - RxRelay
    - RxSwift
    - YNDropDownMenu

SPEC CHECKSUMS:
  BouncyLayout: 946047ef4987959bc107731c665ca4fdcdef5e17
  KeychainAccess: 9b07f665298d13c3a85881bd3171f6f49b8151c1
  Kingfisher: 13f6e68c928eb50439b5cb2ea75d6035018438ea
  Panels: cfafe2d0f92387f393a3b5e827af9ffffe46b073
  ParallaxHeader: a343f55eb38f52a89c5820a77e14cf975b84e6aa
  Realm: e1c22c3d83b229afb70ebc10e1771c91e9542d12
  RealmSwift: 6fc078d9d3fd7e58c71bfdbb694e252462f112a5
  RxCocoa: 3f79328fafa3645b34600f37c31e64c73ae3a80e
  RxRelay: 8d593be109c06ea850df027351beba614b012ffb
  RxSwift: c14e798c59b9f6e9a2df8fd235602e85cc044295
  YNDropDownMenu: 9c88e36c5f913bc614aaf0f3d0a7968f6251268b

PODFILE CHECKSUM: 6583c34266b7abd9ff36b9417cd8f7f3ed10aba8

COCOAPODS: 1.10.0
