PODS:
  - Alamofire (4.8.2)
  - CalculateCalendarLogic (0.3.0)
  - Gemini (1.4.0)
  - GrowingTextView (0.7.0)
  - Kingfisher (5.7.0)
  - NVActivityIndicatorView (4.7.0):
    - NVActivityIndicatorView/Presenter (= 4.7.0)
  - NVActivityIndicatorView/Presenter (4.7.0)
  - PanModal (1.2.4)
  - PromiseKit (6.10.0):
    - PromiseKit/CorePromise (= 6.10.0)
    - PromiseKit/Foundation (= 6.10.0)
    - PromiseKit/UIKit (= 6.10.0)
  - PromiseKit/CorePromise (6.10.0)
  - PromiseKit/Foundation (6.10.0):
    - PromiseKit/CorePromise
  - PromiseKit/UIKit (6.10.0):
    - PromiseKit/CorePromise
  - Realm (3.17.0):
    - Realm/Headers (= 3.17.0)
  - Realm/Headers (3.17.0)
  - RealmSwift (3.17.0):
    - Realm (= 3.17.0)
  - ReSwift (5.0.0)
  - SwipeCellKit (2.6.0)

DEPENDENCIES:
  - Alamofire
  - CalculateCalendarLogic
  - Gemini
  - GrowingTextView
  - Kingfisher
  - NVActivityIndicatorView
  - PanModal
  - PromiseKit
  - RealmSwift
  - ReSwift
  - SwipeCellKit

SPEC REPOS:
  https://github.com/cocoapods/specs.git:
    - Alamofire
    - CalculateCalendarLogic
    - Gemini
    - GrowingTextView
    - Kingfisher
    - NVActivityIndicatorView
    - PanModal
    - PromiseKit
    - Realm
    - RealmSwift
    - ReSwift
    - SwipeCellKit

SPEC CHECKSUMS:
  Alamofire: ae5c501addb7afdbb13687d7f2f722c78734c2d3
  CalculateCalendarLogic: cd5b2c706a8628bb924c5ee9d05c4f61bdbaf390
  Gemini: 4ad915cca8805577fe3021e02feeca2b77dcdbfc
  GrowingTextView: b946b0d1c33e0953725b9695d14f144cc35b2031
  Kingfisher: c7d211b54f1f30d8060aadab177d52b4349c825b
  NVActivityIndicatorView: b19ddab2576f805cbe0fb2306cba3476e09a1dea
  PanModal: 275f6d4d07565ddf4ed16d7be5d9cd275682d80d
  PromiseKit: 1fdaeb6c0a94a5114fcb814ff3d772b86886ad4e
  Realm: b30db41ff34fc858ffc25ba8d44a82c164e7ccd0
  RealmSwift: fe733e459d60dc7b6971d4cbee2eb4854097d12c
  ReSwift: 628f1a9b3ee52e3b3ca2a644435472fd77afafe1
  SwipeCellKit: 935ca28c187ec6e1ffb2b578cf8ddca842bfdcbb

PODFILE CHECKSUM: 91128e4d1832c0672176a3676e99c3097f54af4c

COCOAPODS: 1.7.2
